// !$*UTF8*$!
{
	archiveVersion = 1;
	classes = {
	};
	objectVersion = 46;
	objects = {

/* Begin PBXBuildFile section */
		010797E61F6778FA00623C04 /* LCategory.swift in Sources */ = {isa = PBXBuildFile; fileRef = 010797E51F6778FA00623C04 /* LCategory.swift */; };
		0122DD0A2064678F004A7C3E /* ProfileReminderViewController.swift in Sources */ = {isa = PBXBuildFile; fileRef = 0122DD092064678F004A7C3E /* ProfileReminderViewController.swift */; };
		01253CF41F5318BE005B4D8C /* SelectTableViewCell.swift in Sources */ = {isa = PBXBuildFile; fileRef = 01253CF31F5318BE005B4D8C /* SelectTableViewCell.swift */; };
		0128AE481EC4829B007A999B /* AccountsTableViewController.swift in Sources */ = {isa = PBXBuildFile; fileRef = 0128AE471EC4829B007A999B /* AccountsTableViewController.swift */; };
		012F32501FA7D64F0004EC14 /* BarChartViewController.swift in Sources */ = {isa = PBXBuildFile; fileRef = 012F324F1FA7D64F0004EC14 /* BarChartViewController.swift */; };
		013E34ED1F4366F900EF8972 /* DBTransaction.swift in Sources */ = {isa = PBXBuildFile; fileRef = 013E34EC1F4366F900EF8972 /* DBTransaction.swift */; };
		014281A21FBD15870071ED8F /* LPreferences.swift in Sources */ = {isa = PBXBuildFile; fileRef = 014281A11FBD15870071ED8F /* LPreferences.swift */; };
		014893CF1EDE6106005E3C94 /* SelectAmountViewController.swift in Sources */ = {isa = PBXBuildFile; fileRef = 014893CE1EDE6106005E3C94 /* SelectAmountViewController.swift */; };
		014893D31EDFA368005E3C94 /* Protocols.swift in Sources */ = {isa = PBXBuildFile; fileRef = 014893D21EDFA368005E3C94 /* Protocols.swift */; };
		014893D71EEB0332005E3C94 /* MainTabViewController.swift in Sources */ = {isa = PBXBuildFile; fileRef = 014893D61EEB0332005E3C94 /* MainTabViewController.swift */; };
		015183E71FE4911A002AC812 /* SQLite.framework in Frameworks */ = {isa = PBXBuildFile; fileRef = CBC01B261FAEA2FF0092B184 /* SQLite.framework */; };
		015183E81FE4911A002AC812 /* SQLite.framework in Embed Frameworks */ = {isa = PBXBuildFile; fileRef = CBC01B261FAEA2FF0092B184 /* SQLite.framework */; settings = {ATTRIBUTES = (CodeSignOnCopy, RemoveHeadersOnCopy, ); }; };
		015183F11FE57EF0002AC812 /* Charts.framework in Embed Frameworks */ = {isa = PBXBuildFile; fileRef = CBC01B421FAEA3AB0092B184 /* Charts.framework */; settings = {ATTRIBUTES = (CodeSignOnCopy, RemoveHeadersOnCopy, ); }; };
		0151840C1FE61538002AC812 /* CurrentPasswordViewController.swift in Sources */ = {isa = PBXBuildFile; fileRef = 0151840B1FE61538002AC812 /* CurrentPasswordViewController.swift */; };
		015367321F9D588F001BCB89 /* PieChartViewController.swift in Sources */ = {isa = PBXBuildFile; fileRef = 015367311F9D588F001BCB89 /* PieChartViewController.swift */; };
		01569DB71FF5BC4000D68807 /* ShareAccountViewController.swift in Sources */ = {isa = PBXBuildFile; fileRef = 01569DB61FF5BC4000D68807 /* ShareAccountViewController.swift */; };
		019CCD251E6DAF64002EF989 /* AppDelegate.swift in Sources */ = {isa = PBXBuildFile; fileRef = 019CCD241E6DAF64002EF989 /* AppDelegate.swift */; };
		019CCD2C1E6DAF64002EF989 /* Main.storyboard in Resources */ = {isa = PBXBuildFile; fileRef = 019CCD2A1E6DAF64002EF989 /* Main.storyboard */; };
		019CCD2E1E6DAF64002EF989 /* Assets.xcassets in Resources */ = {isa = PBXBuildFile; fileRef = 019CCD2D1E6DAF64002EF989 /* Assets.xcassets */; };
		019CCD311E6DAF64002EF989 /* LaunchScreen.storyboard in Resources */ = {isa = PBXBuildFile; fileRef = 019CCD2F1E6DAF64002EF989 /* LaunchScreen.storyboard */; };
		019CCD3C1E6DAF65002EF989 /* LogAlongTests.swift in Sources */ = {isa = PBXBuildFile; fileRef = 019CCD3B1E6DAF65002EF989 /* LogAlongTests.swift */; };
		019CCD4E1E6DC7C5002EF989 /* MainTableViewCell.swift in Sources */ = {isa = PBXBuildFile; fileRef = 019CCD4D1E6DC7C5002EF989 /* MainTableViewCell.swift */; };
		019CCD501E6DC7D0002EF989 /* RecordsTableViewCell.swift in Sources */ = {isa = PBXBuildFile; fileRef = 019CCD4F1E6DC7D0002EF989 /* RecordsTableViewCell.swift */; };
		019CCD541E748042002EF989 /* LTransaction.swift in Sources */ = {isa = PBXBuildFile; fileRef = 019CCD531E748042002EF989 /* LTransaction.swift */; };
		01B61A701FF8396600899F21 /* LUser.swift in Sources */ = {isa = PBXBuildFile; fileRef = 01B61A6F1FF8396600899F21 /* LUser.swift */; };
		01B61A7B1FF8460100899F21 /* UsersTableViewCell.swift in Sources */ = {isa = PBXBuildFile; fileRef = 01B61A7A1FF8460100899F21 /* UsersTableViewCell.swift */; };
		01CEE4DF201E9C17008F447A /* ShareAccountConfirmViewController.swift in Sources */ = {isa = PBXBuildFile; fileRef = 01CEE4DE201E9C17008F447A /* ShareAccountConfirmViewController.swift */; };
		01DE2C121F449D8600ED5D9C /* AccountsTableViewCell.swift in Sources */ = {isa = PBXBuildFile; fileRef = 01DE2C111F449D8600ED5D9C /* AccountsTableViewCell.swift */; };
		01E13D46201945A000A9B375 /* LAccountShareRequest.swift in Sources */ = {isa = PBXBuildFile; fileRef = 01E13D45201945A000A9B375 /* LAccountShareRequest.swift */; };
		01FBE7F61F439D5A00A0B514 /* CreateViewController.swift in Sources */ = {isa = PBXBuildFile; fileRef = 01FBE7F51F439D5A00A0B514 /* CreateViewController.swift */; };
		01FBE7FA1F43A00800A0B514 /* NewAdditionTableViewController.swift in Sources */ = {isa = PBXBuildFile; fileRef = 01FBE7F91F43A00800A0B514 /* NewAdditionTableViewController.swift */; };
		01FDE4911F78066300A7DD78 /* SettingsTableViewController.swift in Sources */ = {isa = PBXBuildFile; fileRef = 01FDE4901F78066300A7DD78 /* SettingsTableViewController.swift */; };
		CB006DC7203FAAFC005059BB /* DBScheduledTransaction.swift in Sources */ = {isa = PBXBuildFile; fileRef = CB006DC6203FAAFC005059BB /* DBScheduledTransaction.swift */; };
		CB1073551FCE599E00390032 /* LJournal.swift in Sources */ = {isa = PBXBuildFile; fileRef = CB1073541FCE599E00390032 /* LJournal.swift */; };
		CB1073601FCE62D900390032 /* DBHelper.swift in Sources */ = {isa = PBXBuildFile; fileRef = CB10735F1FCE62D900390032 /* DBHelper.swift */; };
		CB1073621FCE6D0E00390032 /* DBAccount.swift in Sources */ = {isa = PBXBuildFile; fileRef = CB1073611FCE6D0E00390032 /* DBAccount.swift */; };
		CB1073641FCE6F6E00390032 /* DBCategory.swift in Sources */ = {isa = PBXBuildFile; fileRef = CB1073631FCE6F6E00390032 /* DBCategory.swift */; };
		CB1073661FCE735900390032 /* DBGeneric.swift in Sources */ = {isa = PBXBuildFile; fileRef = CB1073651FCE735900390032 /* DBGeneric.swift */; };
		CB1BC6311FE770A100FD9D7E /* LTransactionDetails.swift in Sources */ = {isa = PBXBuildFile; fileRef = CB1BC6301FE770A100FD9D7E /* LTransactionDetails.swift */; };
		CB1BC63A1FE7717600FD9D7E /* LScheduledTransaction.swift in Sources */ = {isa = PBXBuildFile; fileRef = CB1BC6391FE7717600FD9D7E /* LScheduledTransaction.swift */; };
		CB1C92282047B0DA0008D1E9 /* ProfileViewController.swift in Sources */ = {isa = PBXBuildFile; fileRef = CB1C92272047B0DA0008D1E9 /* ProfileViewController.swift */; };
		CB3154DF1FBD3AA6006F9DE4 /* Crc32.swift in Sources */ = {isa = PBXBuildFile; fileRef = CB3154DE1FBD3AA6006F9DE4 /* Crc32.swift */; };
		CB3E5FA01FEDEAD300C64CBD /* LTheme.swift in Sources */ = {isa = PBXBuildFile; fileRef = CB3E5F9F1FEDEAD300C64CBD /* LTheme.swift */; };
		CB4118F020157AA80087E8AE /* SelectViewController.swift in Sources */ = {isa = PBXBuildFile; fileRef = CB4118EF20157AA80087E8AE /* SelectViewController.swift */; };
		CB4DAC581FFC828F00B8C664 /* LRecordSearch.swift in Sources */ = {isa = PBXBuildFile; fileRef = CB4DAC571FFC828F00B8C664 /* LRecordSearch.swift */; };
		CB51B5581FBBDF26002CABA1 /* LProtocol.swift in Sources */ = {isa = PBXBuildFile; fileRef = CB51B5571FBBDF26002CABA1 /* LProtocol.swift */; };
		CB51B55A1FBBFBF6002CABA1 /* LTransport.swift in Sources */ = {isa = PBXBuildFile; fileRef = CB51B5591FBBFBF6002CABA1 /* LTransport.swift */; };
		CB51B55C1FBBFF11002CABA1 /* LBuffer.swift in Sources */ = {isa = PBXBuildFile; fileRef = CB51B55B1FBBFF11002CABA1 /* LBuffer.swift */; };
		CB81316C1FCFB2CC00E33079 /* LDbBase.swift in Sources */ = {isa = PBXBuildFile; fileRef = CB81316B1FCFB2CC00E33079 /* LDbBase.swift */; };
		CBAA495A1FC51CCA00E77834 /* UiRequest.swift in Sources */ = {isa = PBXBuildFile; fileRef = CBAA49591FC51CCA00E77834 /* UiRequest.swift */; };
		CBB161961FF80746006717C0 /* DBLoader.swift in Sources */ = {isa = PBXBuildFile; fileRef = CBB161951FF80746006717C0 /* DBLoader.swift */; };
		CBB51D1F1FE49660000CD233 /* LTag.swift in Sources */ = {isa = PBXBuildFile; fileRef = CBB51D1E1FE49660000CD233 /* LTag.swift */; };
		CBB51D2A1FE496CF000CD233 /* LVendor.swift in Sources */ = {isa = PBXBuildFile; fileRef = CBB51D291FE496CF000CD233 /* LVendor.swift */; };
		CBB51D2C1FE49EC2000CD233 /* DBTag.swift in Sources */ = {isa = PBXBuildFile; fileRef = CBB51D2B1FE49EC2000CD233 /* DBTag.swift */; };
		CBB51D2E1FE49EDB000CD233 /* DBVendor.swift in Sources */ = {isa = PBXBuildFile; fileRef = CBB51D2D1FE49EDB000CD233 /* DBVendor.swift */; };
		CBC01B461FAEA4C70092B184 /* Charts.framework in Frameworks */ = {isa = PBXBuildFile; fileRef = CBC01B421FAEA3AB0092B184 /* Charts.framework */; };
		CBC01B491FAEAA080092B184 /* LAccount.swift in Sources */ = {isa = PBXBuildFile; fileRef = CBC01B481FAEAA080092B184 /* LAccount.swift */; };
		CBC01B4B1FAEAA270092B184 /* AddTableViewController.swift in Sources */ = {isa = PBXBuildFile; fileRef = CBC01B4A1FAEAA260092B184 /* AddTableViewController.swift */; };
		CBC01B4D1FAEAA420092B184 /* DatePickerViewController.swift in Sources */ = {isa = PBXBuildFile; fileRef = CBC01B4C1FAEAA420092B184 /* DatePickerViewController.swift */; };
		CBC13E1B201B23EF000DCF98 /* DBAccountBalance.swift in Sources */ = {isa = PBXBuildFile; fileRef = CBC13E1A201B23EF000DCF98 /* DBAccountBalance.swift */; };
		CBC374971FBE54890098721C /* LLog.swift in Sources */ = {isa = PBXBuildFile; fileRef = CBC374961FBE54890098721C /* LLog.swift */; };
		CBCE73CA201B2563009C66C7 /* LAccountBalance.swift in Sources */ = {isa = PBXBuildFile; fileRef = CBCE73C9201B2563009C66C7 /* LAccountBalance.swift */; };
		CBCE73D3201B2D92009C66C7 /* LAccountYearBalance.swift in Sources */ = {isa = PBXBuildFile; fileRef = CBCE73D2201B2D92009C66C7 /* LAccountYearBalance.swift */; };
		CBCE73D5201CE079009C66C7 /* MainViewController.swift in Sources */ = {isa = PBXBuildFile; fileRef = CBCE73D4201CE079009C66C7 /* MainViewController.swift */; };
		CBD618101FB0081300A2B57E /* Server.swift in Sources */ = {isa = PBXBuildFile; fileRef = CBD6180F1FB0081300A2B57E /* Server.swift */; };
		CBE058901FD33367002B2F08 /* LJournalEntry.swift in Sources */ = {isa = PBXBuildFile; fileRef = CBE0588F1FD33367002B2F08 /* LJournalEntry.swift */; };
		CBE85FF5202F280100D4C749 /* SearchViewController.swift in Sources */ = {isa = PBXBuildFile; fileRef = CBE85FF4202F280100D4C749 /* SearchViewController.swift */; };
		CBEA021A2034DBED0064F3B7 /* SchedulesTableViewController.swift in Sources */ = {isa = PBXBuildFile; fileRef = CBEA02192034DBED0064F3B7 /* SchedulesTableViewController.swift */; };
		CBEAFF35202BD4BC00866790 /* ChartsPageViewController.swift in Sources */ = {isa = PBXBuildFile; fileRef = CBEAFF34202BD4BC00866790 /* ChartsPageViewController.swift */; };
		CBEB3E5F2002BE7C00A34432 /* RecordsViewController.swift in Sources */ = {isa = PBXBuildFile; fileRef = CBEB3E5E2002BE7C00A34432 /* RecordsViewController.swift */; };
		CBEDFD181FD6E6D60015E98E /* LService.swift in Sources */ = {isa = PBXBuildFile; fileRef = CBEDFD171FD6E6D60015E98E /* LService.swift */; };
		CBEF97621FD25B8A00D61F79 /* DBJournal.swift in Sources */ = {isa = PBXBuildFile; fileRef = CBEF97611FD25B8A00D61F79 /* DBJournal.swift */; };
		CBEF97711FD4654F00D61F79 /* LExtension.swift in Sources */ = {isa = PBXBuildFile; fileRef = CBEF97701FD4654F00D61F79 /* LExtension.swift */; };
		CBF135CE1FF0214E00E7E8AE /* LLayout.swift in Sources */ = {isa = PBXBuildFile; fileRef = CBF135CD1FF0214E00E7E8AE /* LLayout.swift */; };
		CBF135D71FF1E27800E7E8AE /* RecordsPageViewController.swift in Sources */ = {isa = PBXBuildFile; fileRef = CBF135D61FF1E27800E7E8AE /* RecordsPageViewController.swift */; };
		CBFB02192048508900AA8813 /* LCheckbox.swift in Sources */ = {isa = PBXBuildFile; fileRef = CBFB02182048508900AA8813 /* LCheckbox.swift */; };
		CBFB1BF01FC09A5D00B0321E /* LBroadcast.swift in Sources */ = {isa = PBXBuildFile; fileRef = CBFB1BEF1FC09A5D00B0321E /* LBroadcast.swift */; };
/* End PBXBuildFile section */

/* Begin PBXContainerItemProxy section */
		015183E91FE4911A002AC812 /* PBXContainerItemProxy */ = {
			isa = PBXContainerItemProxy;
			containerPortal = CBC01B1B1FAEA2FF0092B184 /* SQLite.xcodeproj */;
			proxyType = 1;
			remoteGlobalIDString = EE247AD21C3F04ED00AE3E12;
			remoteInfo = "SQLite iOS";
		};
		015183F21FE57EF0002AC812 /* PBXContainerItemProxy */ = {
			isa = PBXContainerItemProxy;
			containerPortal = CBC01B3C1FAEA3AB0092B184 /* Charts.xcodeproj */;
			proxyType = 1;
			remoteGlobalIDString = A58A4ED274A941CA248EA921;
			remoteInfo = Charts;
		};
		019CCD381E6DAF65002EF989 /* PBXContainerItemProxy */ = {
			isa = PBXContainerItemProxy;
			containerPortal = 019CCD191E6DAF64002EF989 /* Project object */;
			proxyType = 1;
			remoteGlobalIDString = 019CCD201E6DAF64002EF989;
			remoteInfo = LogAlong;
		};
		CBC01B251FAEA2FF0092B184 /* PBXContainerItemProxy */ = {
			isa = PBXContainerItemProxy;
			containerPortal = CBC01B1B1FAEA2FF0092B184 /* SQLite.xcodeproj */;
			proxyType = 2;
			remoteGlobalIDString = EE247AD31C3F04ED00AE3E12;
			remoteInfo = "SQLite iOS";
		};
		CBC01B271FAEA2FF0092B184 /* PBXContainerItemProxy */ = {
			isa = PBXContainerItemProxy;
			containerPortal = CBC01B1B1FAEA2FF0092B184 /* SQLite.xcodeproj */;
			proxyType = 2;
			remoteGlobalIDString = EE247ADD1C3F04ED00AE3E12;
			remoteInfo = "SQLiteTests iOS";
		};
		CBC01B291FAEA2FF0092B184 /* PBXContainerItemProxy */ = {
			isa = PBXContainerItemProxy;
			containerPortal = CBC01B1B1FAEA2FF0092B184 /* SQLite.xcodeproj */;
			proxyType = 2;
			remoteGlobalIDString = EE247B3C1C3F3ED000AE3E12;
			remoteInfo = "SQLite Mac";
		};
		CBC01B2B1FAEA2FF0092B184 /* PBXContainerItemProxy */ = {
			isa = PBXContainerItemProxy;
			containerPortal = CBC01B1B1FAEA2FF0092B184 /* SQLite.xcodeproj */;
			proxyType = 2;
			remoteGlobalIDString = EE247B451C3F3ED000AE3E12;
			remoteInfo = "SQLiteTests Mac";
		};
		CBC01B2D1FAEA2FF0092B184 /* PBXContainerItemProxy */ = {
			isa = PBXContainerItemProxy;
			containerPortal = CBC01B1B1FAEA2FF0092B184 /* SQLite.xcodeproj */;
			proxyType = 2;
			remoteGlobalIDString = 03A65E5A1C6BB0F50062603F;
			remoteInfo = "SQLite tvOS";
		};
		CBC01B2F1FAEA2FF0092B184 /* PBXContainerItemProxy */ = {
			isa = PBXContainerItemProxy;
			containerPortal = CBC01B1B1FAEA2FF0092B184 /* SQLite.xcodeproj */;
			proxyType = 2;
			remoteGlobalIDString = 03A65E631C6BB0F60062603F;
			remoteInfo = "SQLiteTests tvOS";
		};
		CBC01B311FAEA2FF0092B184 /* PBXContainerItemProxy */ = {
			isa = PBXContainerItemProxy;
			containerPortal = CBC01B1B1FAEA2FF0092B184 /* SQLite.xcodeproj */;
			proxyType = 2;
			remoteGlobalIDString = A121AC451CA35C79005A31D1;
			remoteInfo = "SQLite watchOS";
		};
		CBC01B411FAEA3AB0092B184 /* PBXContainerItemProxy */ = {
			isa = PBXContainerItemProxy;
			containerPortal = CBC01B3C1FAEA3AB0092B184 /* Charts.xcodeproj */;
			proxyType = 2;
			remoteGlobalIDString = 65AD9E95D9ED4DC0BD73A743;
			remoteInfo = Charts;
		};
		CBC01B431FAEA3AB0092B184 /* PBXContainerItemProxy */ = {
			isa = PBXContainerItemProxy;
			containerPortal = CBC01B3C1FAEA3AB0092B184 /* Charts.xcodeproj */;
			proxyType = 2;
			remoteGlobalIDString = 1CBBC58C6CE1EBEE9852CE41;
			remoteInfo = ChartsTests;
		};
/* End PBXContainerItemProxy section */

/* Begin PBXCopyFilesBuildPhase section */
		015183EB1FE4911A002AC812 /* Embed Frameworks */ = {
			isa = PBXCopyFilesBuildPhase;
			buildActionMask = 2147483647;
			dstPath = "";
			dstSubfolderSpec = 10;
			files = (
				015183E81FE4911A002AC812 /* SQLite.framework in Embed Frameworks */,
				015183F11FE57EF0002AC812 /* Charts.framework in Embed Frameworks */,
			);
			name = "Embed Frameworks";
			runOnlyForDeploymentPostprocessing = 0;
		};
		01B5EB491EF4AE62001EF3F7 /* Embed App Extensions */ = {
			isa = PBXCopyFilesBuildPhase;
			buildActionMask = 2147483647;
			dstPath = "";
			dstSubfolderSpec = 13;
			files = (
			);
			name = "Embed App Extensions";
			runOnlyForDeploymentPostprocessing = 0;
		};
/* End PBXCopyFilesBuildPhase section */

/* Begin PBXFileReference section */
		010797E51F6778FA00623C04 /* LCategory.swift */ = {isa = PBXFileReference; fileEncoding = 4; lastKnownFileType = sourcecode.swift; path = LCategory.swift; sourceTree = "<group>"; };
		0122DD092064678F004A7C3E /* ProfileReminderViewController.swift */ = {isa = PBXFileReference; lastKnownFileType = sourcecode.swift; path = ProfileReminderViewController.swift; sourceTree = "<group>"; };
		01253CF31F5318BE005B4D8C /* SelectTableViewCell.swift */ = {isa = PBXFileReference; fileEncoding = 4; lastKnownFileType = sourcecode.swift; path = SelectTableViewCell.swift; sourceTree = "<group>"; };
		0128AE471EC4829B007A999B /* AccountsTableViewController.swift */ = {isa = PBXFileReference; fileEncoding = 4; lastKnownFileType = sourcecode.swift; path = AccountsTableViewController.swift; sourceTree = "<group>"; };
		012F324F1FA7D64F0004EC14 /* BarChartViewController.swift */ = {isa = PBXFileReference; lastKnownFileType = sourcecode.swift; path = BarChartViewController.swift; sourceTree = "<group>"; };
		013E34EC1F4366F900EF8972 /* DBTransaction.swift */ = {isa = PBXFileReference; fileEncoding = 4; lastKnownFileType = sourcecode.swift; path = DBTransaction.swift; sourceTree = "<group>"; };
		014281A11FBD15870071ED8F /* LPreferences.swift */ = {isa = PBXFileReference; lastKnownFileType = sourcecode.swift; path = LPreferences.swift; sourceTree = "<group>"; };
		014893CE1EDE6106005E3C94 /* SelectAmountViewController.swift */ = {isa = PBXFileReference; fileEncoding = 4; lastKnownFileType = sourcecode.swift; path = SelectAmountViewController.swift; sourceTree = "<group>"; };
		014893D21EDFA368005E3C94 /* Protocols.swift */ = {isa = PBXFileReference; fileEncoding = 4; lastKnownFileType = sourcecode.swift; path = Protocols.swift; sourceTree = "<group>"; };
		014893D61EEB0332005E3C94 /* MainTabViewController.swift */ = {isa = PBXFileReference; fileEncoding = 4; lastKnownFileType = sourcecode.swift; path = MainTabViewController.swift; sourceTree = "<group>"; tabWidth = 4; };
		0151840B1FE61538002AC812 /* CurrentPasswordViewController.swift */ = {isa = PBXFileReference; lastKnownFileType = sourcecode.swift; path = CurrentPasswordViewController.swift; sourceTree = "<group>"; };
		015367311F9D588F001BCB89 /* PieChartViewController.swift */ = {isa = PBXFileReference; lastKnownFileType = sourcecode.swift; path = PieChartViewController.swift; sourceTree = "<group>"; };
		01569DB61FF5BC4000D68807 /* ShareAccountViewController.swift */ = {isa = PBXFileReference; lastKnownFileType = sourcecode.swift; path = ShareAccountViewController.swift; sourceTree = "<group>"; };
		019CCD211E6DAF64002EF989 /* LogAlong.app */ = {isa = PBXFileReference; explicitFileType = wrapper.application; includeInIndex = 0; path = LogAlong.app; sourceTree = BUILT_PRODUCTS_DIR; };
		019CCD241E6DAF64002EF989 /* AppDelegate.swift */ = {isa = PBXFileReference; lastKnownFileType = sourcecode.swift; path = AppDelegate.swift; sourceTree = "<group>"; };
		019CCD2B1E6DAF64002EF989 /* Base */ = {isa = PBXFileReference; lastKnownFileType = file.storyboard; name = Base; path = Base.lproj/Main.storyboard; sourceTree = "<group>"; };
		019CCD2D1E6DAF64002EF989 /* Assets.xcassets */ = {isa = PBXFileReference; lastKnownFileType = folder.assetcatalog; path = Assets.xcassets; sourceTree = "<group>"; };
		019CCD301E6DAF64002EF989 /* Base */ = {isa = PBXFileReference; lastKnownFileType = file.storyboard; name = Base; path = Base.lproj/LaunchScreen.storyboard; sourceTree = "<group>"; };
		019CCD321E6DAF64002EF989 /* Info.plist */ = {isa = PBXFileReference; lastKnownFileType = text.plist.xml; path = Info.plist; sourceTree = "<group>"; };
		019CCD371E6DAF65002EF989 /* LogAlongTests.xctest */ = {isa = PBXFileReference; explicitFileType = wrapper.cfbundle; includeInIndex = 0; path = LogAlongTests.xctest; sourceTree = BUILT_PRODUCTS_DIR; };
		019CCD3B1E6DAF65002EF989 /* LogAlongTests.swift */ = {isa = PBXFileReference; lastKnownFileType = sourcecode.swift; path = LogAlongTests.swift; sourceTree = "<group>"; };
		019CCD3D1E6DAF65002EF989 /* Info.plist */ = {isa = PBXFileReference; lastKnownFileType = text.plist.xml; path = Info.plist; sourceTree = "<group>"; };
		019CCD4D1E6DC7C5002EF989 /* MainTableViewCell.swift */ = {isa = PBXFileReference; fileEncoding = 4; lastKnownFileType = sourcecode.swift; path = MainTableViewCell.swift; sourceTree = "<group>"; };
		019CCD4F1E6DC7D0002EF989 /* RecordsTableViewCell.swift */ = {isa = PBXFileReference; fileEncoding = 4; lastKnownFileType = sourcecode.swift; path = RecordsTableViewCell.swift; sourceTree = "<group>"; };
		019CCD531E748042002EF989 /* LTransaction.swift */ = {isa = PBXFileReference; fileEncoding = 4; lastKnownFileType = sourcecode.swift; path = LTransaction.swift; sourceTree = "<group>"; };
		01B61A6F1FF8396600899F21 /* LUser.swift */ = {isa = PBXFileReference; lastKnownFileType = sourcecode.swift; path = LUser.swift; sourceTree = "<group>"; };
		01B61A7A1FF8460100899F21 /* UsersTableViewCell.swift */ = {isa = PBXFileReference; fileEncoding = 4; lastKnownFileType = sourcecode.swift; path = UsersTableViewCell.swift; sourceTree = "<group>"; };
		01CEE4DE201E9C17008F447A /* ShareAccountConfirmViewController.swift */ = {isa = PBXFileReference; lastKnownFileType = sourcecode.swift; path = ShareAccountConfirmViewController.swift; sourceTree = "<group>"; };
		01DE2C111F449D8600ED5D9C /* AccountsTableViewCell.swift */ = {isa = PBXFileReference; fileEncoding = 4; lastKnownFileType = sourcecode.swift; path = AccountsTableViewCell.swift; sourceTree = "<group>"; };
		01E13D45201945A000A9B375 /* LAccountShareRequest.swift */ = {isa = PBXFileReference; lastKnownFileType = sourcecode.swift; path = LAccountShareRequest.swift; sourceTree = "<group>"; };
		01FBE7F51F439D5A00A0B514 /* CreateViewController.swift */ = {isa = PBXFileReference; fileEncoding = 4; lastKnownFileType = sourcecode.swift; path = CreateViewController.swift; sourceTree = "<group>"; };
		01FBE7F91F43A00800A0B514 /* NewAdditionTableViewController.swift */ = {isa = PBXFileReference; fileEncoding = 4; lastKnownFileType = sourcecode.swift; path = NewAdditionTableViewController.swift; sourceTree = "<group>"; };
		01FDE4901F78066300A7DD78 /* SettingsTableViewController.swift */ = {isa = PBXFileReference; fileEncoding = 4; lastKnownFileType = sourcecode.swift; path = SettingsTableViewController.swift; sourceTree = "<group>"; };
		CB006DC6203FAAFC005059BB /* DBScheduledTransaction.swift */ = {isa = PBXFileReference; lastKnownFileType = sourcecode.swift; path = DBScheduledTransaction.swift; sourceTree = "<group>"; };
		CB1073541FCE599E00390032 /* LJournal.swift */ = {isa = PBXFileReference; lastKnownFileType = sourcecode.swift; path = LJournal.swift; sourceTree = "<group>"; };
		CB10735F1FCE62D900390032 /* DBHelper.swift */ = {isa = PBXFileReference; lastKnownFileType = sourcecode.swift; path = DBHelper.swift; sourceTree = "<group>"; };
		CB1073611FCE6D0E00390032 /* DBAccount.swift */ = {isa = PBXFileReference; lastKnownFileType = sourcecode.swift; path = DBAccount.swift; sourceTree = "<group>"; };
		CB1073631FCE6F6E00390032 /* DBCategory.swift */ = {isa = PBXFileReference; lastKnownFileType = sourcecode.swift; path = DBCategory.swift; sourceTree = "<group>"; };
		CB1073651FCE735900390032 /* DBGeneric.swift */ = {isa = PBXFileReference; lastKnownFileType = sourcecode.swift; path = DBGeneric.swift; sourceTree = "<group>"; };
		CB1BC6301FE770A100FD9D7E /* LTransactionDetails.swift */ = {isa = PBXFileReference; lastKnownFileType = sourcecode.swift; path = LTransactionDetails.swift; sourceTree = "<group>"; };
		CB1BC6391FE7717600FD9D7E /* LScheduledTransaction.swift */ = {isa = PBXFileReference; lastKnownFileType = sourcecode.swift; path = LScheduledTransaction.swift; sourceTree = "<group>"; };
		CB1C92272047B0DA0008D1E9 /* ProfileViewController.swift */ = {isa = PBXFileReference; lastKnownFileType = sourcecode.swift; path = ProfileViewController.swift; sourceTree = "<group>"; };
		CB3154DE1FBD3AA6006F9DE4 /* Crc32.swift */ = {isa = PBXFileReference; lastKnownFileType = sourcecode.swift; name = Crc32.swift; path = network/Crc32.swift; sourceTree = "<group>"; };
		CB3E5F9F1FEDEAD300C64CBD /* LTheme.swift */ = {isa = PBXFileReference; lastKnownFileType = sourcecode.swift; path = LTheme.swift; sourceTree = "<group>"; };
		CB4118EF20157AA80087E8AE /* SelectViewController.swift */ = {isa = PBXFileReference; fileEncoding = 4; lastKnownFileType = sourcecode.swift; path = SelectViewController.swift; sourceTree = "<group>"; };
		CB4DAC571FFC828F00B8C664 /* LRecordSearch.swift */ = {isa = PBXFileReference; lastKnownFileType = sourcecode.swift; path = LRecordSearch.swift; sourceTree = "<group>"; };
		CB51B5571FBBDF26002CABA1 /* LProtocol.swift */ = {isa = PBXFileReference; lastKnownFileType = sourcecode.swift; name = LProtocol.swift; path = network/LProtocol.swift; sourceTree = "<group>"; };
		CB51B5591FBBFBF6002CABA1 /* LTransport.swift */ = {isa = PBXFileReference; lastKnownFileType = sourcecode.swift; name = LTransport.swift; path = network/LTransport.swift; sourceTree = "<group>"; };
		CB51B55B1FBBFF11002CABA1 /* LBuffer.swift */ = {isa = PBXFileReference; lastKnownFileType = sourcecode.swift; name = LBuffer.swift; path = network/LBuffer.swift; sourceTree = "<group>"; };
		CB81316B1FCFB2CC00E33079 /* LDbBase.swift */ = {isa = PBXFileReference; lastKnownFileType = sourcecode.swift; path = LDbBase.swift; sourceTree = "<group>"; };
		CBAA49591FC51CCA00E77834 /* UiRequest.swift */ = {isa = PBXFileReference; lastKnownFileType = sourcecode.swift; name = UiRequest.swift; path = network/UiRequest.swift; sourceTree = "<group>"; };
		CBB161951FF80746006717C0 /* DBLoader.swift */ = {isa = PBXFileReference; lastKnownFileType = sourcecode.swift; path = DBLoader.swift; sourceTree = "<group>"; };
		CBB51D1E1FE49660000CD233 /* LTag.swift */ = {isa = PBXFileReference; lastKnownFileType = sourcecode.swift; path = LTag.swift; sourceTree = "<group>"; };
		CBB51D291FE496CF000CD233 /* LVendor.swift */ = {isa = PBXFileReference; lastKnownFileType = sourcecode.swift; path = LVendor.swift; sourceTree = "<group>"; };
		CBB51D2B1FE49EC2000CD233 /* DBTag.swift */ = {isa = PBXFileReference; lastKnownFileType = sourcecode.swift; path = DBTag.swift; sourceTree = "<group>"; };
		CBB51D2D1FE49EDB000CD233 /* DBVendor.swift */ = {isa = PBXFileReference; lastKnownFileType = sourcecode.swift; path = DBVendor.swift; sourceTree = "<group>"; };
		CBC01B1B1FAEA2FF0092B184 /* SQLite.xcodeproj */ = {isa = PBXFileReference; lastKnownFileType = "wrapper.pb-project"; name = SQLite.xcodeproj; path = ../sqlite/SQLite.xcodeproj; sourceTree = "<group>"; };
		CBC01B3C1FAEA3AB0092B184 /* Charts.xcodeproj */ = {isa = PBXFileReference; lastKnownFileType = "wrapper.pb-project"; name = Charts.xcodeproj; path = ../charts/Charts.xcodeproj; sourceTree = "<group>"; };
		CBC01B481FAEAA080092B184 /* LAccount.swift */ = {isa = PBXFileReference; fileEncoding = 4; lastKnownFileType = sourcecode.swift; path = LAccount.swift; sourceTree = "<group>"; };
		CBC01B4A1FAEAA260092B184 /* AddTableViewController.swift */ = {isa = PBXFileReference; fileEncoding = 4; lastKnownFileType = sourcecode.swift; path = AddTableViewController.swift; sourceTree = "<group>"; };
		CBC01B4C1FAEAA420092B184 /* DatePickerViewController.swift */ = {isa = PBXFileReference; fileEncoding = 4; lastKnownFileType = sourcecode.swift; path = DatePickerViewController.swift; sourceTree = "<group>"; };
		CBC13E1A201B23EF000DCF98 /* DBAccountBalance.swift */ = {isa = PBXFileReference; lastKnownFileType = sourcecode.swift; path = DBAccountBalance.swift; sourceTree = "<group>"; };
		CBC374961FBE54890098721C /* LLog.swift */ = {isa = PBXFileReference; lastKnownFileType = sourcecode.swift; path = LLog.swift; sourceTree = "<group>"; };
		CBCE73C9201B2563009C66C7 /* LAccountBalance.swift */ = {isa = PBXFileReference; lastKnownFileType = sourcecode.swift; path = LAccountBalance.swift; sourceTree = "<group>"; };
		CBCE73D2201B2D92009C66C7 /* LAccountYearBalance.swift */ = {isa = PBXFileReference; lastKnownFileType = sourcecode.swift; path = LAccountYearBalance.swift; sourceTree = "<group>"; };
		CBCE73D4201CE079009C66C7 /* MainViewController.swift */ = {isa = PBXFileReference; lastKnownFileType = sourcecode.swift; path = MainViewController.swift; sourceTree = "<group>"; };
		CBD6180F1FB0081300A2B57E /* Server.swift */ = {isa = PBXFileReference; lastKnownFileType = sourcecode.swift; name = Server.swift; path = LogAlong/network/Server.swift; sourceTree = SOURCE_ROOT; };
		CBE0588F1FD33367002B2F08 /* LJournalEntry.swift */ = {isa = PBXFileReference; lastKnownFileType = sourcecode.swift; path = LJournalEntry.swift; sourceTree = "<group>"; };
		CBE85FF4202F280100D4C749 /* SearchViewController.swift */ = {isa = PBXFileReference; lastKnownFileType = sourcecode.swift; path = SearchViewController.swift; sourceTree = "<group>"; };
		CBEA02192034DBED0064F3B7 /* SchedulesTableViewController.swift */ = {isa = PBXFileReference; lastKnownFileType = sourcecode.swift; path = SchedulesTableViewController.swift; sourceTree = "<group>"; };
		CBEAFF34202BD4BC00866790 /* ChartsPageViewController.swift */ = {isa = PBXFileReference; lastKnownFileType = sourcecode.swift; path = ChartsPageViewController.swift; sourceTree = "<group>"; };
		CBEB3E5E2002BE7C00A34432 /* RecordsViewController.swift */ = {isa = PBXFileReference; lastKnownFileType = sourcecode.swift; path = RecordsViewController.swift; sourceTree = "<group>"; };
		CBEDFD171FD6E6D60015E98E /* LService.swift */ = {isa = PBXFileReference; lastKnownFileType = sourcecode.swift; path = LService.swift; sourceTree = "<group>"; };
		CBEF97611FD25B8A00D61F79 /* DBJournal.swift */ = {isa = PBXFileReference; lastKnownFileType = sourcecode.swift; path = DBJournal.swift; sourceTree = "<group>"; };
		CBEF97701FD4654F00D61F79 /* LExtension.swift */ = {isa = PBXFileReference; lastKnownFileType = sourcecode.swift; path = LExtension.swift; sourceTree = "<group>"; };
		CBF135CD1FF0214E00E7E8AE /* LLayout.swift */ = {isa = PBXFileReference; lastKnownFileType = sourcecode.swift; path = LLayout.swift; sourceTree = "<group>"; };
		CBF135D61FF1E27800E7E8AE /* RecordsPageViewController.swift */ = {isa = PBXFileReference; lastKnownFileType = sourcecode.swift; path = RecordsPageViewController.swift; sourceTree = "<group>"; };
		CBFB02182048508900AA8813 /* LCheckbox.swift */ = {isa = PBXFileReference; lastKnownFileType = sourcecode.swift; path = LCheckbox.swift; sourceTree = "<group>"; };
		CBFB1BEF1FC09A5D00B0321E /* LBroadcast.swift */ = {isa = PBXFileReference; lastKnownFileType = sourcecode.swift; path = LBroadcast.swift; sourceTree = "<group>"; };
/* End PBXFileReference section */

/* Begin PBXFrameworksBuildPhase section */
		019CCD1E1E6DAF64002EF989 /* Frameworks */ = {
			isa = PBXFrameworksBuildPhase;
			buildActionMask = 2147483647;
			files = (
				015183E71FE4911A002AC812 /* SQLite.framework in Frameworks */,
				CBC01B461FAEA4C70092B184 /* Charts.framework in Frameworks */,
			);
			runOnlyForDeploymentPostprocessing = 0;
		};
		019CCD341E6DAF65002EF989 /* Frameworks */ = {
			isa = PBXFrameworksBuildPhase;
			buildActionMask = 2147483647;
			files = (
			);
			runOnlyForDeploymentPostprocessing = 0;
		};
/* End PBXFrameworksBuildPhase section */

/* Begin PBXGroup section */
		014281AC1FBD19720071ED8F /* utils */ = {
			isa = PBXGroup;
			children = (
				CB1073611FCE6D0E00390032 /* DBAccount.swift */,
				CBC13E1A201B23EF000DCF98 /* DBAccountBalance.swift */,
				CB1073631FCE6F6E00390032 /* DBCategory.swift */,
				CB1073651FCE735900390032 /* DBGeneric.swift */,
				CB10735F1FCE62D900390032 /* DBHelper.swift */,
				CBEF97611FD25B8A00D61F79 /* DBJournal.swift */,
				CBB161951FF80746006717C0 /* DBLoader.swift */,
				CBB51D2B1FE49EC2000CD233 /* DBTag.swift */,
				013E34EC1F4366F900EF8972 /* DBTransaction.swift */,
				CB006DC6203FAAFC005059BB /* DBScheduledTransaction.swift */,
				CBB51D2D1FE49EDB000CD233 /* DBVendor.swift */,
				CBFB1BEF1FC09A5D00B0321E /* LBroadcast.swift */,
				CBEF97701FD4654F00D61F79 /* LExtension.swift */,
				CBF135CD1FF0214E00E7E8AE /* LLayout.swift */,
				CBFB02182048508900AA8813 /* LCheckbox.swift */,
				CBC374961FBE54890098721C /* LLog.swift */,
				014281A11FBD15870071ED8F /* LPreferences.swift */,
				CB3E5F9F1FEDEAD300C64CBD /* LTheme.swift */,
				014893D21EDFA368005E3C94 /* Protocols.swift */,
			);
			path = utils;
			sourceTree = "<group>";
		};
		019CCD181E6DAF64002EF989 = {
			isa = PBXGroup;
			children = (
				019CCD231E6DAF64002EF989 /* LogAlong */,
				019CCD3A1E6DAF65002EF989 /* LogAlongTests */,
				019CCD221E6DAF64002EF989 /* Products */,
				CBC01B3C1FAEA3AB0092B184 /* Charts.xcodeproj */,
				CBC01B1B1FAEA2FF0092B184 /* SQLite.xcodeproj */,
				CBC01B451FAEA4C70092B184 /* Frameworks */,
			);
			sourceTree = "<group>";
		};
		019CCD221E6DAF64002EF989 /* Products */ = {
			isa = PBXGroup;
			children = (
				019CCD211E6DAF64002EF989 /* LogAlong.app */,
				019CCD371E6DAF65002EF989 /* LogAlongTests.xctest */,
			);
			name = Products;
			sourceTree = "<group>";
		};
		019CCD231E6DAF64002EF989 /* LogAlong */ = {
			isa = PBXGroup;
			children = (
				CB15D4EB1FC3D734005D8B43 /* entities */,
				CB15D4E11FC3D731005D8B43 /* views */,
				CBD618011FB004D800A2B57E /* network */,
				014281AC1FBD19720071ED8F /* utils */,
				019CCD241E6DAF64002EF989 /* AppDelegate.swift */,
				019CCD2A1E6DAF64002EF989 /* Main.storyboard */,
				019CCD2D1E6DAF64002EF989 /* Assets.xcassets */,
				019CCD2F1E6DAF64002EF989 /* LaunchScreen.storyboard */,
				019CCD321E6DAF64002EF989 /* Info.plist */,
			);
			path = LogAlong;
			sourceTree = "<group>";
			wrapsLines = 1;
		};
		019CCD3A1E6DAF65002EF989 /* LogAlongTests */ = {
			isa = PBXGroup;
			children = (
				019CCD3B1E6DAF65002EF989 /* LogAlongTests.swift */,
				019CCD3D1E6DAF65002EF989 /* Info.plist */,
			);
			path = LogAlongTests;
			sourceTree = "<group>";
		};
		CB15D4E11FC3D731005D8B43 /* views */ = {
			isa = PBXGroup;
			children = (
				CBC01B4A1FAEAA260092B184 /* AddTableViewController.swift */,
				CB15D4EC1FC3D7E7005D8B43 /* charts */,
				01FBE7F51F439D5A00A0B514 /* CreateViewController.swift */,
				CBC01B4C1FAEAA420092B184 /* DatePickerViewController.swift */,
				019CCD4D1E6DC7C5002EF989 /* MainTableViewCell.swift */,
				014893D61EEB0332005E3C94 /* MainTabViewController.swift */,
				CBCE73D4201CE079009C66C7 /* MainViewController.swift */,
				01FBE7F91F43A00800A0B514 /* NewAdditionTableViewController.swift */,
				CBF135D61FF1E27800E7E8AE /* RecordsPageViewController.swift */,
				019CCD4F1E6DC7D0002EF989 /* RecordsTableViewCell.swift */,
				CBEB3E5E2002BE7C00A34432 /* RecordsViewController.swift */,
				CBEA02192034DBED0064F3B7 /* SchedulesTableViewController.swift */,
				CBE85FF4202F280100D4C749 /* SearchViewController.swift */,
				014893CE1EDE6106005E3C94 /* SelectAmountViewController.swift */,
				01253CF31F5318BE005B4D8C /* SelectTableViewCell.swift */,
				CB4118EF20157AA80087E8AE /* SelectViewController.swift */,
				CB15D4ED1FC3D7EE005D8B43 /* settings */,
				01CEE4DE201E9C17008F447A /* ShareAccountConfirmViewController.swift */,
				01569DB61FF5BC4000D68807 /* ShareAccountViewController.swift */,
				01B61A7A1FF8460100899F21 /* UsersTableViewCell.swift */,
			);
			path = views;
			sourceTree = "<group>";
		};
		CB15D4EB1FC3D734005D8B43 /* entities */ = {
			isa = PBXGroup;
			children = (
				CBC01B481FAEAA080092B184 /* LAccount.swift */,
				CBCE73C9201B2563009C66C7 /* LAccountBalance.swift */,
				01E13D45201945A000A9B375 /* LAccountShareRequest.swift */,
				CBCE73D2201B2D92009C66C7 /* LAccountYearBalance.swift */,
				010797E51F6778FA00623C04 /* LCategory.swift */,
				CB81316B1FCFB2CC00E33079 /* LDbBase.swift */,
				CB1073541FCE599E00390032 /* LJournal.swift */,
				CBE0588F1FD33367002B2F08 /* LJournalEntry.swift */,
				CB4DAC571FFC828F00B8C664 /* LRecordSearch.swift */,
				CB1BC6391FE7717600FD9D7E /* LScheduledTransaction.swift */,
				CBB51D1E1FE49660000CD233 /* LTag.swift */,
				019CCD531E748042002EF989 /* LTransaction.swift */,
				CB1BC6301FE770A100FD9D7E /* LTransactionDetails.swift */,
				01B61A6F1FF8396600899F21 /* LUser.swift */,
				CBB51D291FE496CF000CD233 /* LVendor.swift */,
			);
			path = entities;
			sourceTree = "<group>";
		};
		CB15D4EC1FC3D7E7005D8B43 /* charts */ = {
			isa = PBXGroup;
			children = (
				012F324F1FA7D64F0004EC14 /* BarChartViewController.swift */,
				015367311F9D588F001BCB89 /* PieChartViewController.swift */,
				CBEAFF34202BD4BC00866790 /* ChartsPageViewController.swift */,
			);
			path = charts;
			sourceTree = "<group>";
		};
		CB15D4ED1FC3D7EE005D8B43 /* settings */ = {
			isa = PBXGroup;
			children = (
				0128AE471EC4829B007A999B /* AccountsTableViewController.swift */,
				01DE2C111F449D8600ED5D9C /* AccountsTableViewCell.swift */,
				CB1C92272047B0DA0008D1E9 /* ProfileViewController.swift */,
				0122DD092064678F004A7C3E /* ProfileReminderViewController.swift */,
				0151840B1FE61538002AC812 /* CurrentPasswordViewController.swift */,
				01FDE4901F78066300A7DD78 /* SettingsTableViewController.swift */,
			);
			path = settings;
			sourceTree = "<group>";
		};
		CBC01B1C1FAEA2FF0092B184 /* Products */ = {
			isa = PBXGroup;
			children = (
				CBC01B261FAEA2FF0092B184 /* SQLite.framework */,
				CBC01B281FAEA2FF0092B184 /* SQLiteTests iOS.xctest */,
				CBC01B2A1FAEA2FF0092B184 /* SQLite.framework */,
				CBC01B2C1FAEA2FF0092B184 /* SQLiteTests Mac.xctest */,
				CBC01B2E1FAEA2FF0092B184 /* SQLite.framework */,
				CBC01B301FAEA2FF0092B184 /* SQLiteTests tvOS.xctest */,
				CBC01B321FAEA2FF0092B184 /* SQLite.framework */,
			);
			name = Products;
			sourceTree = "<group>";
		};
		CBC01B3D1FAEA3AB0092B184 /* Products */ = {
			isa = PBXGroup;
			children = (
				CBC01B421FAEA3AB0092B184 /* Charts.framework */,
				CBC01B441FAEA3AB0092B184 /* ChartsTests.xctest */,
			);
			name = Products;
			sourceTree = "<group>";
		};
		CBC01B451FAEA4C70092B184 /* Frameworks */ = {
			isa = PBXGroup;
			children = (
			);
			name = Frameworks;
			sourceTree = "<group>";
		};
		CBD618011FB004D800A2B57E /* network */ = {
			isa = PBXGroup;
			children = (
				CB3154DE1FBD3AA6006F9DE4 /* Crc32.swift */,
				CB51B55B1FBBFF11002CABA1 /* LBuffer.swift */,
				CBEDFD171FD6E6D60015E98E /* LService.swift */,
				CB51B5591FBBFBF6002CABA1 /* LTransport.swift */,
				CB51B5571FBBDF26002CABA1 /* LProtocol.swift */,
				CBD6180F1FB0081300A2B57E /* Server.swift */,
				CBAA49591FC51CCA00E77834 /* UiRequest.swift */,
			);
			name = network;
			sourceTree = "<group>";
		};
/* End PBXGroup section */

/* Begin PBXNativeTarget section */
		019CCD201E6DAF64002EF989 /* LogAlong */ = {
			isa = PBXNativeTarget;
			buildConfigurationList = 019CCD401E6DAF65002EF989 /* Build configuration list for PBXNativeTarget "LogAlong" */;
			buildPhases = (
				019CCD1D1E6DAF64002EF989 /* Sources */,
				019CCD1E1E6DAF64002EF989 /* Frameworks */,
				019CCD1F1E6DAF64002EF989 /* Resources */,
				01B5EB491EF4AE62001EF3F7 /* Embed App Extensions */,
				015183EB1FE4911A002AC812 /* Embed Frameworks */,
			);
			buildRules = (
			);
			dependencies = (
				015183EA1FE4911A002AC812 /* PBXTargetDependency */,
				015183F31FE57EF0002AC812 /* PBXTargetDependency */,
			);
			name = LogAlong;
			productName = LogAlong;
			productReference = 019CCD211E6DAF64002EF989 /* LogAlong.app */;
			productType = "com.apple.product-type.application";
		};
		019CCD361E6DAF65002EF989 /* LogAlongTests */ = {
			isa = PBXNativeTarget;
			buildConfigurationList = 019CCD431E6DAF65002EF989 /* Build configuration list for PBXNativeTarget "LogAlongTests" */;
			buildPhases = (
				019CCD331E6DAF65002EF989 /* Sources */,
				019CCD341E6DAF65002EF989 /* Frameworks */,
				019CCD351E6DAF65002EF989 /* Resources */,
			);
			buildRules = (
			);
			dependencies = (
				019CCD391E6DAF65002EF989 /* PBXTargetDependency */,
			);
			name = LogAlongTests;
			productName = LogAlongTests;
			productReference = 019CCD371E6DAF65002EF989 /* LogAlongTests.xctest */;
			productType = "com.apple.product-type.bundle.unit-test";
		};
/* End PBXNativeTarget section */

/* Begin PBXProject section */
		019CCD191E6DAF64002EF989 /* Project object */ = {
			isa = PBXProject;
			attributes = {
				LastSwiftUpdateCheck = 0820;
				LastUpgradeCheck = 0900;
				ORGANIZATIONNAME = "Swoag Technology";
				TargetAttributes = {
					019CCD201E6DAF64002EF989 = {
						CreatedOnToolsVersion = 8.2.1;
						DevelopmentTeam = EMR65N9MP5;
						LastSwiftMigration = 0900;
						ProvisioningStyle = Automatic;
						SystemCapabilities = {
							com.apple.BackgroundModes = {
								enabled = 1;
							};
						};
					};
					019CCD361E6DAF65002EF989 = {
						CreatedOnToolsVersion = 8.2.1;
						LastSwiftMigration = 0900;
						ProvisioningStyle = Automatic;
						TestTargetID = 019CCD201E6DAF64002EF989;
					};
				};
			};
			buildConfigurationList = 019CCD1C1E6DAF64002EF989 /* Build configuration list for PBXProject "LogAlong" */;
			compatibilityVersion = "Xcode 3.2";
			developmentRegion = English;
			hasScannedForEncodings = 0;
			knownRegions = (
				en,
				Base,
			);
			mainGroup = 019CCD181E6DAF64002EF989;
			productRefGroup = 019CCD221E6DAF64002EF989 /* Products */;
			projectDirPath = "";
			projectReferences = (
				{
					ProductGroup = CBC01B3D1FAEA3AB0092B184 /* Products */;
					ProjectRef = CBC01B3C1FAEA3AB0092B184 /* Charts.xcodeproj */;
				},
				{
					ProductGroup = CBC01B1C1FAEA2FF0092B184 /* Products */;
					ProjectRef = CBC01B1B1FAEA2FF0092B184 /* SQLite.xcodeproj */;
				},
			);
			projectRoot = "";
			targets = (
				019CCD201E6DAF64002EF989 /* LogAlong */,
				019CCD361E6DAF65002EF989 /* LogAlongTests */,
			);
		};
/* End PBXProject section */

/* Begin PBXReferenceProxy section */
		CBC01B261FAEA2FF0092B184 /* SQLite.framework */ = {
			isa = PBXReferenceProxy;
			fileType = wrapper.framework;
			path = SQLite.framework;
			remoteRef = CBC01B251FAEA2FF0092B184 /* PBXContainerItemProxy */;
			sourceTree = BUILT_PRODUCTS_DIR;
		};
		CBC01B281FAEA2FF0092B184 /* SQLiteTests iOS.xctest */ = {
			isa = PBXReferenceProxy;
			fileType = wrapper.cfbundle;
			path = "SQLiteTests iOS.xctest";
			remoteRef = CBC01B271FAEA2FF0092B184 /* PBXContainerItemProxy */;
			sourceTree = BUILT_PRODUCTS_DIR;
		};
		CBC01B2A1FAEA2FF0092B184 /* SQLite.framework */ = {
			isa = PBXReferenceProxy;
			fileType = wrapper.framework;
			path = SQLite.framework;
			remoteRef = CBC01B291FAEA2FF0092B184 /* PBXContainerItemProxy */;
			sourceTree = BUILT_PRODUCTS_DIR;
		};
		CBC01B2C1FAEA2FF0092B184 /* SQLiteTests Mac.xctest */ = {
			isa = PBXReferenceProxy;
			fileType = wrapper.cfbundle;
			path = "SQLiteTests Mac.xctest";
			remoteRef = CBC01B2B1FAEA2FF0092B184 /* PBXContainerItemProxy */;
			sourceTree = BUILT_PRODUCTS_DIR;
		};
		CBC01B2E1FAEA2FF0092B184 /* SQLite.framework */ = {
			isa = PBXReferenceProxy;
			fileType = wrapper.framework;
			path = SQLite.framework;
			remoteRef = CBC01B2D1FAEA2FF0092B184 /* PBXContainerItemProxy */;
			sourceTree = BUILT_PRODUCTS_DIR;
		};
		CBC01B301FAEA2FF0092B184 /* SQLiteTests tvOS.xctest */ = {
			isa = PBXReferenceProxy;
			fileType = wrapper.cfbundle;
			path = "SQLiteTests tvOS.xctest";
			remoteRef = CBC01B2F1FAEA2FF0092B184 /* PBXContainerItemProxy */;
			sourceTree = BUILT_PRODUCTS_DIR;
		};
		CBC01B321FAEA2FF0092B184 /* SQLite.framework */ = {
			isa = PBXReferenceProxy;
			fileType = wrapper.framework;
			path = SQLite.framework;
			remoteRef = CBC01B311FAEA2FF0092B184 /* PBXContainerItemProxy */;
			sourceTree = BUILT_PRODUCTS_DIR;
		};
		CBC01B421FAEA3AB0092B184 /* Charts.framework */ = {
			isa = PBXReferenceProxy;
			fileType = wrapper.framework;
			path = Charts.framework;
			remoteRef = CBC01B411FAEA3AB0092B184 /* PBXContainerItemProxy */;
			sourceTree = BUILT_PRODUCTS_DIR;
		};
		CBC01B441FAEA3AB0092B184 /* ChartsTests.xctest */ = {
			isa = PBXReferenceProxy;
			fileType = wrapper.cfbundle;
			path = ChartsTests.xctest;
			remoteRef = CBC01B431FAEA3AB0092B184 /* PBXContainerItemProxy */;
			sourceTree = BUILT_PRODUCTS_DIR;
		};
/* End PBXReferenceProxy section */

/* Begin PBXResourcesBuildPhase section */
		019CCD1F1E6DAF64002EF989 /* Resources */ = {
			isa = PBXResourcesBuildPhase;
			buildActionMask = 2147483647;
			files = (
				019CCD311E6DAF64002EF989 /* LaunchScreen.storyboard in Resources */,
				019CCD2E1E6DAF64002EF989 /* Assets.xcassets in Resources */,
				019CCD2C1E6DAF64002EF989 /* Main.storyboard in Resources */,
			);
			runOnlyForDeploymentPostprocessing = 0;
		};
		019CCD351E6DAF65002EF989 /* Resources */ = {
			isa = PBXResourcesBuildPhase;
			buildActionMask = 2147483647;
			files = (
			);
			runOnlyForDeploymentPostprocessing = 0;
		};
/* End PBXResourcesBuildPhase section */

/* Begin PBXSourcesBuildPhase section */
		019CCD1D1E6DAF64002EF989 /* Sources */ = {
			isa = PBXSourcesBuildPhase;
			buildActionMask = 2147483647;
			files = (
				01B61A701FF8396600899F21 /* LUser.swift in Sources */,
				CBF135CE1FF0214E00E7E8AE /* LLayout.swift in Sources */,
				0122DD0A2064678F004A7C3E /* ProfileReminderViewController.swift in Sources */,
				01FBE7F61F439D5A00A0B514 /* CreateViewController.swift in Sources */,
				014893D71EEB0332005E3C94 /* MainTabViewController.swift in Sources */,
				CB3154DF1FBD3AA6006F9DE4 /* Crc32.swift in Sources */,
				CBC374971FBE54890098721C /* LLog.swift in Sources */,
				CB1BC6311FE770A100FD9D7E /* LTransactionDetails.swift in Sources */,
				CBCE73D5201CE079009C66C7 /* MainViewController.swift in Sources */,
				CB81316C1FCFB2CC00E33079 /* LDbBase.swift in Sources */,
				01B61A7B1FF8460100899F21 /* UsersTableViewCell.swift in Sources */,
				CBEA021A2034DBED0064F3B7 /* SchedulesTableViewController.swift in Sources */,
				CBB51D1F1FE49660000CD233 /* LTag.swift in Sources */,
				014893D31EDFA368005E3C94 /* Protocols.swift in Sources */,
				CB4DAC581FFC828F00B8C664 /* LRecordSearch.swift in Sources */,
				CB1073621FCE6D0E00390032 /* DBAccount.swift in Sources */,
				CBB51D2E1FE49EDB000CD233 /* DBVendor.swift in Sources */,
				019CCD501E6DC7D0002EF989 /* RecordsTableViewCell.swift in Sources */,
				015367321F9D588F001BCB89 /* PieChartViewController.swift in Sources */,
				012F32501FA7D64F0004EC14 /* BarChartViewController.swift in Sources */,
				CBFB1BF01FC09A5D00B0321E /* LBroadcast.swift in Sources */,
				CBE058901FD33367002B2F08 /* LJournalEntry.swift in Sources */,
				CBCE73CA201B2563009C66C7 /* LAccountBalance.swift in Sources */,
				01253CF41F5318BE005B4D8C /* SelectTableViewCell.swift in Sources */,
				CBC13E1B201B23EF000DCF98 /* DBAccountBalance.swift in Sources */,
				013E34ED1F4366F900EF8972 /* DBTransaction.swift in Sources */,
				CB1073661FCE735900390032 /* DBGeneric.swift in Sources */,
				CBC01B4D1FAEAA420092B184 /* DatePickerViewController.swift in Sources */,
				CB1073601FCE62D900390032 /* DBHelper.swift in Sources */,
				CBEAFF35202BD4BC00866790 /* ChartsPageViewController.swift in Sources */,
				CBEB3E5F2002BE7C00A34432 /* RecordsViewController.swift in Sources */,
				CB006DC7203FAAFC005059BB /* DBScheduledTransaction.swift in Sources */,
				CB51B55A1FBBFBF6002CABA1 /* LTransport.swift in Sources */,
				CB1BC63A1FE7717600FD9D7E /* LScheduledTransaction.swift in Sources */,
				010797E61F6778FA00623C04 /* LCategory.swift in Sources */,
				CBCE73D3201B2D92009C66C7 /* LAccountYearBalance.swift in Sources */,
				01DE2C121F449D8600ED5D9C /* AccountsTableViewCell.swift in Sources */,
				CBC01B491FAEAA080092B184 /* LAccount.swift in Sources */,
				CBB161961FF80746006717C0 /* DBLoader.swift in Sources */,
				01CEE4DF201E9C17008F447A /* ShareAccountConfirmViewController.swift in Sources */,
				014281A21FBD15870071ED8F /* LPreferences.swift in Sources */,
				01FBE7FA1F43A00800A0B514 /* NewAdditionTableViewController.swift in Sources */,
				CB1C92282047B0DA0008D1E9 /* ProfileViewController.swift in Sources */,
				CBC01B4B1FAEAA270092B184 /* AddTableViewController.swift in Sources */,
				019CCD251E6DAF64002EF989 /* AppDelegate.swift in Sources */,
				CBEF97711FD4654F00D61F79 /* LExtension.swift in Sources */,
				01FDE4911F78066300A7DD78 /* SettingsTableViewController.swift in Sources */,
				CB1073551FCE599E00390032 /* LJournal.swift in Sources */,
				CB51B5581FBBDF26002CABA1 /* LProtocol.swift in Sources */,
				0128AE481EC4829B007A999B /* AccountsTableViewController.swift in Sources */,
				01569DB71FF5BC4000D68807 /* ShareAccountViewController.swift in Sources */,
				014893CF1EDE6106005E3C94 /* SelectAmountViewController.swift in Sources */,
				CBB51D2A1FE496CF000CD233 /* LVendor.swift in Sources */,
				CBAA495A1FC51CCA00E77834 /* UiRequest.swift in Sources */,
				CBE85FF5202F280100D4C749 /* SearchViewController.swift in Sources */,
				0151840C1FE61538002AC812 /* CurrentPasswordViewController.swift in Sources */,
				CBB51D2C1FE49EC2000CD233 /* DBTag.swift in Sources */,
				019CCD541E748042002EF989 /* LTransaction.swift in Sources */,
				CBFB02192048508900AA8813 /* LCheckbox.swift in Sources */,
				CBF135D71FF1E27800E7E8AE /* RecordsPageViewController.swift in Sources */,
				CB1073641FCE6F6E00390032 /* DBCategory.swift in Sources */,
				CBEF97621FD25B8A00D61F79 /* DBJournal.swift in Sources */,
				CBEDFD181FD6E6D60015E98E /* LService.swift in Sources */,
				019CCD4E1E6DC7C5002EF989 /* MainTableViewCell.swift in Sources */,
				CBD618101FB0081300A2B57E /* Server.swift in Sources */,
				01E13D46201945A000A9B375 /* LAccountShareRequest.swift in Sources */,
				CB51B55C1FBBFF11002CABA1 /* LBuffer.swift in Sources */,
				CB4118F020157AA80087E8AE /* SelectViewController.swift in Sources */,
				CB3E5FA01FEDEAD300C64CBD /* LTheme.swift in Sources */,
			);
			runOnlyForDeploymentPostprocessing = 0;
		};
		019CCD331E6DAF65002EF989 /* Sources */ = {
			isa = PBXSourcesBuildPhase;
			buildActionMask = 2147483647;
			files = (
				019CCD3C1E6DAF65002EF989 /* LogAlongTests.swift in Sources */,
			);
			runOnlyForDeploymentPostprocessing = 0;
		};
/* End PBXSourcesBuildPhase section */

/* Begin PBXTargetDependency section */
		015183EA1FE4911A002AC812 /* PBXTargetDependency */ = {
			isa = PBXTargetDependency;
			name = "SQLite iOS";
			targetProxy = 015183E91FE4911A002AC812 /* PBXContainerItemProxy */;
		};
		015183F31FE57EF0002AC812 /* PBXTargetDependency */ = {
			isa = PBXTargetDependency;
			name = Charts;
			targetProxy = 015183F21FE57EF0002AC812 /* PBXContainerItemProxy */;
		};
		019CCD391E6DAF65002EF989 /* PBXTargetDependency */ = {
			isa = PBXTargetDependency;
			target = 019CCD201E6DAF64002EF989 /* LogAlong */;
			targetProxy = 019CCD381E6DAF65002EF989 /* PBXContainerItemProxy */;
		};
/* End PBXTargetDependency section */

/* Begin PBXVariantGroup section */
		019CCD2A1E6DAF64002EF989 /* Main.storyboard */ = {
			isa = PBXVariantGroup;
			children = (
				019CCD2B1E6DAF64002EF989 /* Base */,
			);
			name = Main.storyboard;
			sourceTree = "<group>";
		};
		019CCD2F1E6DAF64002EF989 /* LaunchScreen.storyboard */ = {
			isa = PBXVariantGroup;
			children = (
				019CCD301E6DAF64002EF989 /* Base */,
			);
			name = LaunchScreen.storyboard;
			sourceTree = "<group>";
		};
/* End PBXVariantGroup section */

/* Begin XCBuildConfiguration section */
		019CCD3E1E6DAF65002EF989 /* Debug */ = {
			isa = XCBuildConfiguration;
			buildSettings = {
				ALWAYS_SEARCH_USER_PATHS = NO;
				CLANG_ANALYZER_NONNULL = YES;
				CLANG_CXX_LANGUAGE_STANDARD = "gnu++0x";
				CLANG_CXX_LIBRARY = "libc++";
				CLANG_ENABLE_MODULES = YES;
				CLANG_ENABLE_OBJC_ARC = YES;
				CLANG_WARN_BLOCK_CAPTURE_AUTORELEASING = YES;
				CLANG_WARN_BOOL_CONVERSION = YES;
				CLANG_WARN_COMMA = YES;
				CLANG_WARN_CONSTANT_CONVERSION = YES;
				CLANG_WARN_DIRECT_OBJC_ISA_USAGE = YES_ERROR;
				CLANG_WARN_DOCUMENTATION_COMMENTS = YES;
				CLANG_WARN_EMPTY_BODY = YES;
				CLANG_WARN_ENUM_CONVERSION = YES;
				CLANG_WARN_INFINITE_RECURSION = YES;
				CLANG_WARN_INT_CONVERSION = YES;
				CLANG_WARN_NON_LITERAL_NULL_CONVERSION = YES;
				CLANG_WARN_OBJC_LITERAL_CONVERSION = YES;
				CLANG_WARN_OBJC_ROOT_CLASS = YES_ERROR;
				CLANG_WARN_RANGE_LOOP_ANALYSIS = YES;
				CLANG_WARN_STRICT_PROTOTYPES = YES;
				CLANG_WARN_SUSPICIOUS_MOVE = YES;
				CLANG_WARN_UNREACHABLE_CODE = YES;
				CLANG_WARN__DUPLICATE_METHOD_MATCH = YES;
				"CODE_SIGN_IDENTITY[sdk=iphoneos*]" = "iPhone Developer";
				COPY_PHASE_STRIP = NO;
				DEBUG_INFORMATION_FORMAT = dwarf;
				ENABLE_STRICT_OBJC_MSGSEND = YES;
				ENABLE_TESTABILITY = YES;
				GCC_C_LANGUAGE_STANDARD = gnu99;
				GCC_DYNAMIC_NO_PIC = NO;
				GCC_NO_COMMON_BLOCKS = YES;
				GCC_OPTIMIZATION_LEVEL = 0;
				GCC_PREPROCESSOR_DEFINITIONS = (
					"DEBUG=1",
					"$(inherited)",
				);
				GCC_WARN_64_TO_32_BIT_CONVERSION = YES;
				GCC_WARN_ABOUT_RETURN_TYPE = YES_ERROR;
				GCC_WARN_UNDECLARED_SELECTOR = YES;
				GCC_WARN_UNINITIALIZED_AUTOS = YES_AGGRESSIVE;
				GCC_WARN_UNUSED_FUNCTION = YES;
				GCC_WARN_UNUSED_VARIABLE = YES;
				IPHONEOS_DEPLOYMENT_TARGET = 8.0;
				MTL_ENABLE_DEBUG_INFO = YES;
				ONLY_ACTIVE_ARCH = YES;
				SDKROOT = iphoneos;
				SWIFT_ACTIVE_COMPILATION_CONDITIONS = DEBUG;
				SWIFT_OPTIMIZATION_LEVEL = "-Onone";
				TARGETED_DEVICE_FAMILY = "1,2";
			};
			name = Debug;
		};
		019CCD3F1E6DAF65002EF989 /* Release */ = {
			isa = XCBuildConfiguration;
			buildSettings = {
				ALWAYS_SEARCH_USER_PATHS = NO;
				CLANG_ANALYZER_NONNULL = YES;
				CLANG_CXX_LANGUAGE_STANDARD = "gnu++0x";
				CLANG_CXX_LIBRARY = "libc++";
				CLANG_ENABLE_MODULES = YES;
				CLANG_ENABLE_OBJC_ARC = YES;
				CLANG_WARN_BLOCK_CAPTURE_AUTORELEASING = YES;
				CLANG_WARN_BOOL_CONVERSION = YES;
				CLANG_WARN_COMMA = YES;
				CLANG_WARN_CONSTANT_CONVERSION = YES;
				CLANG_WARN_DIRECT_OBJC_ISA_USAGE = YES_ERROR;
				CLANG_WARN_DOCUMENTATION_COMMENTS = YES;
				CLANG_WARN_EMPTY_BODY = YES;
				CLANG_WARN_ENUM_CONVERSION = YES;
				CLANG_WARN_INFINITE_RECURSION = YES;
				CLANG_WARN_INT_CONVERSION = YES;
				CLANG_WARN_NON_LITERAL_NULL_CONVERSION = YES;
				CLANG_WARN_OBJC_LITERAL_CONVERSION = YES;
				CLANG_WARN_OBJC_ROOT_CLASS = YES_ERROR;
				CLANG_WARN_RANGE_LOOP_ANALYSIS = YES;
				CLANG_WARN_STRICT_PROTOTYPES = YES;
				CLANG_WARN_SUSPICIOUS_MOVE = YES;
				CLANG_WARN_UNREACHABLE_CODE = YES;
				CLANG_WARN__DUPLICATE_METHOD_MATCH = YES;
				"CODE_SIGN_IDENTITY[sdk=iphoneos*]" = "iPhone Developer";
				COPY_PHASE_STRIP = NO;
				DEBUG_INFORMATION_FORMAT = "dwarf-with-dsym";
				ENABLE_NS_ASSERTIONS = NO;
				ENABLE_STRICT_OBJC_MSGSEND = YES;
				GCC_C_LANGUAGE_STANDARD = gnu99;
				GCC_NO_COMMON_BLOCKS = YES;
				GCC_WARN_64_TO_32_BIT_CONVERSION = YES;
				GCC_WARN_ABOUT_RETURN_TYPE = YES_ERROR;
				GCC_WARN_UNDECLARED_SELECTOR = YES;
				GCC_WARN_UNINITIALIZED_AUTOS = YES_AGGRESSIVE;
				GCC_WARN_UNUSED_FUNCTION = YES;
				GCC_WARN_UNUSED_VARIABLE = YES;
				IPHONEOS_DEPLOYMENT_TARGET = 8.0;
				MTL_ENABLE_DEBUG_INFO = NO;
				SDKROOT = iphoneos;
				SWIFT_OPTIMIZATION_LEVEL = "-Owholemodule";
				TARGETED_DEVICE_FAMILY = "1,2";
				VALIDATE_PRODUCT = YES;
			};
			name = Release;
		};
		019CCD411E6DAF65002EF989 /* Debug */ = {
			isa = XCBuildConfiguration;
			buildSettings = {
				ALWAYS_EMBED_SWIFT_STANDARD_LIBRARIES = YES;
				ASSETCATALOG_COMPILER_APPICON_NAME = AppIcon;
				CLANG_ENABLE_MODULES = YES;
				DEVELOPMENT_TEAM = EMR65N9MP5;
				INFOPLIST_FILE = LogAlong/Info.plist;
				LD_RUNPATH_SEARCH_PATHS = "$(inherited) @executable_path/Frameworks";
				PRODUCT_BUNDLE_IDENTIFIER = com.example.LogAlong;
				PRODUCT_NAME = "$(TARGET_NAME)";
				SWIFT_OBJC_BRIDGING_HEADER = "LogAlong-Bridging-Header.h";
				SWIFT_OPTIMIZATION_LEVEL = "-Onone";
				SWIFT_SWIFT3_OBJC_INFERENCE = Default;
				SWIFT_VERSION = 4.0;
			};
			name = Debug;
		};
		019CCD421E6DAF65002EF989 /* Release */ = {
			isa = XCBuildConfiguration;
			buildSettings = {
				ALWAYS_EMBED_SWIFT_STANDARD_LIBRARIES = YES;
				ASSETCATALOG_COMPILER_APPICON_NAME = AppIcon;
				CLANG_ENABLE_MODULES = YES;
				DEVELOPMENT_TEAM = EMR65N9MP5;
				INFOPLIST_FILE = LogAlong/Info.plist;
				LD_RUNPATH_SEARCH_PATHS = "$(inherited) @executable_path/Frameworks";
				PRODUCT_BUNDLE_IDENTIFIER = com.example.LogAlong;
				PRODUCT_NAME = "$(TARGET_NAME)";
				SWIFT_OBJC_BRIDGING_HEADER = "LogAlong-Bridging-Header.h";
				SWIFT_SWIFT3_OBJC_INFERENCE = Default;
				SWIFT_VERSION = 4.0;
			};
			name = Release;
		};
		019CCD441E6DAF65002EF989 /* Debug */ = {
			isa = XCBuildConfiguration;
			buildSettings = {
				ALWAYS_EMBED_SWIFT_STANDARD_LIBRARIES = YES;
				BUNDLE_LOADER = "$(TEST_HOST)";
				INFOPLIST_FILE = LogAlongTests/Info.plist;
				LD_RUNPATH_SEARCH_PATHS = "$(inherited) @executable_path/Frameworks @loader_path/Frameworks";
				PRODUCT_BUNDLE_IDENTIFIER = com.example.LogAlongTests;
				PRODUCT_NAME = "$(TARGET_NAME)";
				SWIFT_SWIFT3_OBJC_INFERENCE = On;
				SWIFT_VERSION = 4.0;
				TEST_HOST = "$(BUILT_PRODUCTS_DIR)/LogAlong.app/LogAlong";
			};
			name = Debug;
		};
		019CCD451E6DAF65002EF989 /* Release */ = {
			isa = XCBuildConfiguration;
			buildSettings = {
				ALWAYS_EMBED_SWIFT_STANDARD_LIBRARIES = YES;
				BUNDLE_LOADER = "$(TEST_HOST)";
				INFOPLIST_FILE = LogAlongTests/Info.plist;
				LD_RUNPATH_SEARCH_PATHS = "$(inherited) @executable_path/Frameworks @loader_path/Frameworks";
				PRODUCT_BUNDLE_IDENTIFIER = com.example.LogAlongTests;
				PRODUCT_NAME = "$(TARGET_NAME)";
				SWIFT_SWIFT3_OBJC_INFERENCE = On;
				SWIFT_VERSION = 4.0;
				TEST_HOST = "$(BUILT_PRODUCTS_DIR)/LogAlong.app/LogAlong";
			};
			name = Release;
		};
/* End XCBuildConfiguration section */

/* Begin XCConfigurationList section */
		019CCD1C1E6DAF64002EF989 /* Build configuration list for PBXProject "LogAlong" */ = {
			isa = XCConfigurationList;
			buildConfigurations = (
				019CCD3E1E6DAF65002EF989 /* Debug */,
				019CCD3F1E6DAF65002EF989 /* Release */,
			);
			defaultConfigurationIsVisible = 0;
			defaultConfigurationName = Release;
		};
		019CCD401E6DAF65002EF989 /* Build configuration list for PBXNativeTarget "LogAlong" */ = {
			isa = XCConfigurationList;
			buildConfigurations = (
				019CCD411E6DAF65002EF989 /* Debug */,
				019CCD421E6DAF65002EF989 /* Release */,
			);
			defaultConfigurationIsVisible = 0;
			defaultConfigurationName = Release;
		};
		019CCD431E6DAF65002EF989 /* Build configuration list for PBXNativeTarget "LogAlongTests" */ = {
			isa = XCConfigurationList;
			buildConfigurations = (
				019CCD441E6DAF65002EF989 /* Debug */,
				019CCD451E6DAF65002EF989 /* Release */,
			);
			defaultConfigurationIsVisible = 0;
			defaultConfigurationName = Release;
		};
/* End XCConfigurationList section */
	};
	rootObject = 019CCD191E6DAF64002EF989 /* Project object */;
}
