// !$*UTF8*$!
{
	archiveVersion = 1;
	classes = {
	};
	objectVersion = 46;
	objects = {

/* Begin PBXBuildFile section */
		0103EF721F49BF2F0017DD80 /* CreateCategoryViewController.swift in Sources */ = {isa = PBXBuildFile; fileRef = 0103EF711F49BF2F0017DD80 /* CreateCategoryViewController.swift */; };
		010797E61F6778FA00623C04 /* Category.swift in Sources */ = {isa = PBXBuildFile; fileRef = 010797E51F6778FA00623C04 /* Category.swift */; };
		01253CF41F5318BE005B4D8C /* SelectAccountTableViewCell.swift in Sources */ = {isa = PBXBuildFile; fileRef = 01253CF31F5318BE005B4D8C /* SelectAccountTableViewCell.swift */; };
		01253CFE1F538675005B4D8C /* SelectCategoryTableViewCell.swift in Sources */ = {isa = PBXBuildFile; fileRef = 01253CFD1F538675005B4D8C /* SelectCategoryTableViewCell.swift */; };
		0128AE461EABD042007A999B /* AddTableViewController.swift in Sources */ = {isa = PBXBuildFile; fileRef = 0128AE451EABD042007A999B /* AddTableViewController.swift */; };
		0128AE481EC4829B007A999B /* AccountsTableViewController.swift in Sources */ = {isa = PBXBuildFile; fileRef = 0128AE471EC4829B007A999B /* AccountsTableViewController.swift */; };
		0128AE4A1EC482B8007A999B /* CategoriesTableViewController.swift in Sources */ = {isa = PBXBuildFile; fileRef = 0128AE491EC482B8007A999B /* CategoriesTableViewController.swift */; };
		0128AE4C1EC482D6007A999B /* TagsTableViewController.swift in Sources */ = {isa = PBXBuildFile; fileRef = 0128AE4B1EC482D6007A999B /* TagsTableViewController.swift */; };
		0128AE4E1EC7BBFE007A999B /* SelectAccountTableViewController.swift in Sources */ = {isa = PBXBuildFile; fileRef = 0128AE4D1EC7BBFE007A999B /* SelectAccountTableViewController.swift */; };
		0128AE501EC7BD8A007A999B /* SelectCategoryTableViewController.swift in Sources */ = {isa = PBXBuildFile; fileRef = 0128AE4F1EC7BD8A007A999B /* SelectCategoryTableViewController.swift */; };
		0128AE521EC7BD98007A999B /* SelectPayeeTableViewController.swift in Sources */ = {isa = PBXBuildFile; fileRef = 0128AE511EC7BD98007A999B /* SelectPayeeTableViewController.swift */; };
		0128AE541EC7BDAA007A999B /* SelectTagTableViewController.swift in Sources */ = {isa = PBXBuildFile; fileRef = 0128AE531EC7BDAA007A999B /* SelectTagTableViewController.swift */; };
		0133182E1F9BA141002B12EC /* SQLite.framework in Frameworks */ = {isa = PBXBuildFile; fileRef = 01D19CDA1F85934F0010CF02 /* SQLite.framework */; };
		0133182F1F9BA145002B12EC /* SQLite.framework in Frameworks */ = {isa = PBXBuildFile; fileRef = 01D19CDA1F85934F0010CF02 /* SQLite.framework */; };
		013318301F9BA145002B12EC /* SQLite.framework in Embed Frameworks */ = {isa = PBXBuildFile; fileRef = 01D19CDA1F85934F0010CF02 /* SQLite.framework */; settings = {ATTRIBUTES = (CodeSignOnCopy, RemoveHeadersOnCopy, ); }; };
		013E34ED1F4366F900EF8972 /* RecordDB.swift in Sources */ = {isa = PBXBuildFile; fileRef = 013E34EC1F4366F900EF8972 /* RecordDB.swift */; };
		014893CF1EDE6106005E3C94 /* SelectAmountViewController.swift in Sources */ = {isa = PBXBuildFile; fileRef = 014893CE1EDE6106005E3C94 /* SelectAmountViewController.swift */; };
		014893D31EDFA368005E3C94 /* ProtocolViewController.swift in Sources */ = {isa = PBXBuildFile; fileRef = 014893D21EDFA368005E3C94 /* ProtocolViewController.swift */; };
		014893D71EEB0332005E3C94 /* MainTabViewController.swift in Sources */ = {isa = PBXBuildFile; fileRef = 014893D61EEB0332005E3C94 /* MainTabViewController.swift */; };
		019CCD251E6DAF64002EF989 /* AppDelegate.swift in Sources */ = {isa = PBXBuildFile; fileRef = 019CCD241E6DAF64002EF989 /* AppDelegate.swift */; };
		019CCD2C1E6DAF64002EF989 /* Main.storyboard in Resources */ = {isa = PBXBuildFile; fileRef = 019CCD2A1E6DAF64002EF989 /* Main.storyboard */; };
		019CCD2E1E6DAF64002EF989 /* Assets.xcassets in Resources */ = {isa = PBXBuildFile; fileRef = 019CCD2D1E6DAF64002EF989 /* Assets.xcassets */; };
		019CCD311E6DAF64002EF989 /* LaunchScreen.storyboard in Resources */ = {isa = PBXBuildFile; fileRef = 019CCD2F1E6DAF64002EF989 /* LaunchScreen.storyboard */; };
		019CCD3C1E6DAF65002EF989 /* LogAlongTests.swift in Sources */ = {isa = PBXBuildFile; fileRef = 019CCD3B1E6DAF65002EF989 /* LogAlongTests.swift */; };
		019CCD481E6DC719002EF989 /* MainTableViewController.swift in Sources */ = {isa = PBXBuildFile; fileRef = 019CCD471E6DC719002EF989 /* MainTableViewController.swift */; };
		019CCD4A1E6DC72A002EF989 /* RecordsTableViewController.swift in Sources */ = {isa = PBXBuildFile; fileRef = 019CCD491E6DC72A002EF989 /* RecordsTableViewController.swift */; };
		019CCD4E1E6DC7C5002EF989 /* MainTableViewCell.swift in Sources */ = {isa = PBXBuildFile; fileRef = 019CCD4D1E6DC7C5002EF989 /* MainTableViewCell.swift */; };
		019CCD501E6DC7D0002EF989 /* RecordsTableViewCell.swift in Sources */ = {isa = PBXBuildFile; fileRef = 019CCD4F1E6DC7D0002EF989 /* RecordsTableViewCell.swift */; };
		019CCD541E748042002EF989 /* Record.swift in Sources */ = {isa = PBXBuildFile; fileRef = 019CCD531E748042002EF989 /* Record.swift */; };
		01DE2C121F449D8600ED5D9C /* AccountsTableViewCell.swift in Sources */ = {isa = PBXBuildFile; fileRef = 01DE2C111F449D8600ED5D9C /* AccountsTableViewCell.swift */; };
		01DE2C1B1F46764800ED5D9C /* CategoriesTableViewCell.swift in Sources */ = {isa = PBXBuildFile; fileRef = 01DE2C1A1F46764800ED5D9C /* CategoriesTableViewCell.swift */; };
		01F8A2CF1F6886AA00EABD73 /* Account.swift in Sources */ = {isa = PBXBuildFile; fileRef = 01F8A2CE1F6886AA00EABD73 /* Account.swift */; };
		01FBE7F61F439D5A00A0B514 /* CreateAccountViewController.swift in Sources */ = {isa = PBXBuildFile; fileRef = 01FBE7F51F439D5A00A0B514 /* CreateAccountViewController.swift */; };
		01FBE7FA1F43A00800A0B514 /* NewAdditionTableViewController.swift in Sources */ = {isa = PBXBuildFile; fileRef = 01FBE7F91F43A00800A0B514 /* NewAdditionTableViewController.swift */; };
		01FDE4911F78066300A7DD78 /* SettingsTableViewController.swift in Sources */ = {isa = PBXBuildFile; fileRef = 01FDE4901F78066300A7DD78 /* SettingsTableViewController.swift */; };
		01FDE49C1F7EFBBC00A7DD78 /* DatePickerViewController.swift in Sources */ = {isa = PBXBuildFile; fileRef = 01FDE49B1F7EFBBC00A7DD78 /* DatePickerViewController.swift */; };
/* End PBXBuildFile section */

/* Begin PBXContainerItemProxy section */
		013318311F9BA145002B12EC /* PBXContainerItemProxy */ = {
			isa = PBXContainerItemProxy;
			containerPortal = 01D19CCF1F85934F0010CF02 /* SQLite.xcodeproj */;
			proxyType = 1;
			remoteGlobalIDString = EE247AD21C3F04ED00AE3E12;
			remoteInfo = "SQLite iOS";
		};
		019CCD381E6DAF65002EF989 /* PBXContainerItemProxy */ = {
			isa = PBXContainerItemProxy;
			containerPortal = 019CCD191E6DAF64002EF989 /* Project object */;
			proxyType = 1;
			remoteGlobalIDString = 019CCD201E6DAF64002EF989;
			remoteInfo = LogAlong;
		};
		01D19CD91F85934F0010CF02 /* PBXContainerItemProxy */ = {
			isa = PBXContainerItemProxy;
			containerPortal = 01D19CCF1F85934F0010CF02 /* SQLite.xcodeproj */;
			proxyType = 2;
			remoteGlobalIDString = EE247AD31C3F04ED00AE3E12;
			remoteInfo = "SQLite iOS";
		};
		01D19CDB1F85934F0010CF02 /* PBXContainerItemProxy */ = {
			isa = PBXContainerItemProxy;
			containerPortal = 01D19CCF1F85934F0010CF02 /* SQLite.xcodeproj */;
			proxyType = 2;
			remoteGlobalIDString = EE247ADD1C3F04ED00AE3E12;
			remoteInfo = "SQLiteTests iOS";
		};
		01D19CDD1F85934F0010CF02 /* PBXContainerItemProxy */ = {
			isa = PBXContainerItemProxy;
			containerPortal = 01D19CCF1F85934F0010CF02 /* SQLite.xcodeproj */;
			proxyType = 2;
			remoteGlobalIDString = EE247B3C1C3F3ED000AE3E12;
			remoteInfo = "SQLite Mac";
		};
		01D19CDF1F85934F0010CF02 /* PBXContainerItemProxy */ = {
			isa = PBXContainerItemProxy;
			containerPortal = 01D19CCF1F85934F0010CF02 /* SQLite.xcodeproj */;
			proxyType = 2;
			remoteGlobalIDString = EE247B451C3F3ED000AE3E12;
			remoteInfo = "SQLiteTests Mac";
		};
		01D19CE11F85934F0010CF02 /* PBXContainerItemProxy */ = {
			isa = PBXContainerItemProxy;
			containerPortal = 01D19CCF1F85934F0010CF02 /* SQLite.xcodeproj */;
			proxyType = 2;
			remoteGlobalIDString = 03A65E5A1C6BB0F50062603F;
			remoteInfo = "SQLite tvOS";
		};
		01D19CE31F85934F0010CF02 /* PBXContainerItemProxy */ = {
			isa = PBXContainerItemProxy;
			containerPortal = 01D19CCF1F85934F0010CF02 /* SQLite.xcodeproj */;
			proxyType = 2;
			remoteGlobalIDString = 03A65E631C6BB0F60062603F;
			remoteInfo = "SQLiteTests tvOS";
		};
		01D19CE51F85934F0010CF02 /* PBXContainerItemProxy */ = {
			isa = PBXContainerItemProxy;
			containerPortal = 01D19CCF1F85934F0010CF02 /* SQLite.xcodeproj */;
			proxyType = 2;
			remoteGlobalIDString = A121AC451CA35C79005A31D1;
			remoteInfo = "SQLite watchOS";
		};
/* End PBXContainerItemProxy section */

/* Begin PBXCopyFilesBuildPhase section */
		013318331F9BA145002B12EC /* Embed Frameworks */ = {
			isa = PBXCopyFilesBuildPhase;
			buildActionMask = 2147483647;
			dstPath = "";
			dstSubfolderSpec = 10;
			files = (
				013318301F9BA145002B12EC /* SQLite.framework in Embed Frameworks */,
			);
			name = "Embed Frameworks";
			runOnlyForDeploymentPostprocessing = 0;
		};
		01B5EB491EF4AE62001EF3F7 /* Embed App Extensions */ = {
			isa = PBXCopyFilesBuildPhase;
			buildActionMask = 2147483647;
			dstPath = "";
			dstSubfolderSpec = 13;
			files = (
			);
			name = "Embed App Extensions";
			runOnlyForDeploymentPostprocessing = 0;
		};
/* End PBXCopyFilesBuildPhase section */

/* Begin PBXFileReference section */
		0103EF711F49BF2F0017DD80 /* CreateCategoryViewController.swift */ = {isa = PBXFileReference; fileEncoding = 4; lastKnownFileType = sourcecode.swift; path = CreateCategoryViewController.swift; sourceTree = "<group>"; };
		010797E51F6778FA00623C04 /* Category.swift */ = {isa = PBXFileReference; fileEncoding = 4; lastKnownFileType = sourcecode.swift; path = Category.swift; sourceTree = "<group>"; };
		01253CF31F5318BE005B4D8C /* SelectAccountTableViewCell.swift */ = {isa = PBXFileReference; fileEncoding = 4; lastKnownFileType = sourcecode.swift; path = SelectAccountTableViewCell.swift; sourceTree = "<group>"; };
		01253CFD1F538675005B4D8C /* SelectCategoryTableViewCell.swift */ = {isa = PBXFileReference; fileEncoding = 4; lastKnownFileType = sourcecode.swift; path = SelectCategoryTableViewCell.swift; sourceTree = "<group>"; };
		0128AE451EABD042007A999B /* AddTableViewController.swift */ = {isa = PBXFileReference; fileEncoding = 4; lastKnownFileType = sourcecode.swift; name = AddTableViewController.swift; path = ../AddTableViewController.swift; sourceTree = "<group>"; };
		0128AE471EC4829B007A999B /* AccountsTableViewController.swift */ = {isa = PBXFileReference; fileEncoding = 4; lastKnownFileType = sourcecode.swift; path = AccountsTableViewController.swift; sourceTree = "<group>"; };
		0128AE491EC482B8007A999B /* CategoriesTableViewController.swift */ = {isa = PBXFileReference; fileEncoding = 4; lastKnownFileType = sourcecode.swift; path = CategoriesTableViewController.swift; sourceTree = "<group>"; };
		0128AE4B1EC482D6007A999B /* TagsTableViewController.swift */ = {isa = PBXFileReference; fileEncoding = 4; lastKnownFileType = sourcecode.swift; path = TagsTableViewController.swift; sourceTree = "<group>"; };
		0128AE4D1EC7BBFE007A999B /* SelectAccountTableViewController.swift */ = {isa = PBXFileReference; fileEncoding = 4; lastKnownFileType = sourcecode.swift; path = SelectAccountTableViewController.swift; sourceTree = "<group>"; };
		0128AE4F1EC7BD8A007A999B /* SelectCategoryTableViewController.swift */ = {isa = PBXFileReference; fileEncoding = 4; lastKnownFileType = sourcecode.swift; path = SelectCategoryTableViewController.swift; sourceTree = "<group>"; };
		0128AE511EC7BD98007A999B /* SelectPayeeTableViewController.swift */ = {isa = PBXFileReference; fileEncoding = 4; lastKnownFileType = sourcecode.swift; path = SelectPayeeTableViewController.swift; sourceTree = "<group>"; };
		0128AE531EC7BDAA007A999B /* SelectTagTableViewController.swift */ = {isa = PBXFileReference; fileEncoding = 4; lastKnownFileType = sourcecode.swift; path = SelectTagTableViewController.swift; sourceTree = "<group>"; };
		013E34EC1F4366F900EF8972 /* RecordDB.swift */ = {isa = PBXFileReference; fileEncoding = 4; lastKnownFileType = sourcecode.swift; path = RecordDB.swift; sourceTree = "<group>"; };
		014893CE1EDE6106005E3C94 /* SelectAmountViewController.swift */ = {isa = PBXFileReference; fileEncoding = 4; lastKnownFileType = sourcecode.swift; path = SelectAmountViewController.swift; sourceTree = "<group>"; };
		014893D21EDFA368005E3C94 /* ProtocolViewController.swift */ = {isa = PBXFileReference; fileEncoding = 4; lastKnownFileType = sourcecode.swift; path = ProtocolViewController.swift; sourceTree = "<group>"; };
		014893D61EEB0332005E3C94 /* MainTabViewController.swift */ = {isa = PBXFileReference; fileEncoding = 4; lastKnownFileType = sourcecode.swift; path = MainTabViewController.swift; sourceTree = "<group>"; tabWidth = 4; };
		019CCD211E6DAF64002EF989 /* LogAlong.app */ = {isa = PBXFileReference; explicitFileType = wrapper.application; includeInIndex = 0; path = LogAlong.app; sourceTree = BUILT_PRODUCTS_DIR; };
		019CCD241E6DAF64002EF989 /* AppDelegate.swift */ = {isa = PBXFileReference; lastKnownFileType = sourcecode.swift; path = AppDelegate.swift; sourceTree = "<group>"; };
		019CCD2B1E6DAF64002EF989 /* Base */ = {isa = PBXFileReference; lastKnownFileType = file.storyboard; name = Base; path = Base.lproj/Main.storyboard; sourceTree = "<group>"; };
		019CCD2D1E6DAF64002EF989 /* Assets.xcassets */ = {isa = PBXFileReference; lastKnownFileType = folder.assetcatalog; path = Assets.xcassets; sourceTree = "<group>"; };
		019CCD301E6DAF64002EF989 /* Base */ = {isa = PBXFileReference; lastKnownFileType = file.storyboard; name = Base; path = Base.lproj/LaunchScreen.storyboard; sourceTree = "<group>"; };
		019CCD321E6DAF64002EF989 /* Info.plist */ = {isa = PBXFileReference; lastKnownFileType = text.plist.xml; path = Info.plist; sourceTree = "<group>"; };
		019CCD371E6DAF65002EF989 /* LogAlongTests.xctest */ = {isa = PBXFileReference; explicitFileType = wrapper.cfbundle; includeInIndex = 0; path = LogAlongTests.xctest; sourceTree = BUILT_PRODUCTS_DIR; };
		019CCD3B1E6DAF65002EF989 /* LogAlongTests.swift */ = {isa = PBXFileReference; lastKnownFileType = sourcecode.swift; path = LogAlongTests.swift; sourceTree = "<group>"; };
		019CCD3D1E6DAF65002EF989 /* Info.plist */ = {isa = PBXFileReference; lastKnownFileType = text.plist.xml; path = Info.plist; sourceTree = "<group>"; };
		019CCD471E6DC719002EF989 /* MainTableViewController.swift */ = {isa = PBXFileReference; fileEncoding = 4; lastKnownFileType = sourcecode.swift; name = MainTableViewController.swift; path = ../MainTableViewController.swift; sourceTree = "<group>"; };
		019CCD491E6DC72A002EF989 /* RecordsTableViewController.swift */ = {isa = PBXFileReference; fileEncoding = 4; lastKnownFileType = sourcecode.swift; name = RecordsTableViewController.swift; path = ../RecordsTableViewController.swift; sourceTree = "<group>"; };
		019CCD4D1E6DC7C5002EF989 /* MainTableViewCell.swift */ = {isa = PBXFileReference; fileEncoding = 4; lastKnownFileType = sourcecode.swift; path = MainTableViewCell.swift; sourceTree = "<group>"; };
		019CCD4F1E6DC7D0002EF989 /* RecordsTableViewCell.swift */ = {isa = PBXFileReference; fileEncoding = 4; lastKnownFileType = sourcecode.swift; path = RecordsTableViewCell.swift; sourceTree = "<group>"; };
		019CCD531E748042002EF989 /* Record.swift */ = {isa = PBXFileReference; fileEncoding = 4; lastKnownFileType = sourcecode.swift; path = Record.swift; sourceTree = "<group>"; };
		01D19CCF1F85934F0010CF02 /* SQLite.xcodeproj */ = {isa = PBXFileReference; lastKnownFileType = "wrapper.pb-project"; name = SQLite.xcodeproj; path = "../../Downloads/SQLite.swift-master/SQLite.xcodeproj"; sourceTree = "<group>"; };
		01DE2C111F449D8600ED5D9C /* AccountsTableViewCell.swift */ = {isa = PBXFileReference; fileEncoding = 4; lastKnownFileType = sourcecode.swift; path = AccountsTableViewCell.swift; sourceTree = "<group>"; };
		01DE2C1A1F46764800ED5D9C /* CategoriesTableViewCell.swift */ = {isa = PBXFileReference; fileEncoding = 4; lastKnownFileType = sourcecode.swift; path = CategoriesTableViewCell.swift; sourceTree = "<group>"; };
		01F8A2CE1F6886AA00EABD73 /* Account.swift */ = {isa = PBXFileReference; fileEncoding = 4; lastKnownFileType = sourcecode.swift; name = Account.swift; path = ../Account.swift; sourceTree = "<group>"; };
		01FBE7F51F439D5A00A0B514 /* CreateAccountViewController.swift */ = {isa = PBXFileReference; fileEncoding = 4; lastKnownFileType = sourcecode.swift; path = CreateAccountViewController.swift; sourceTree = "<group>"; };
		01FBE7F91F43A00800A0B514 /* NewAdditionTableViewController.swift */ = {isa = PBXFileReference; fileEncoding = 4; lastKnownFileType = sourcecode.swift; path = NewAdditionTableViewController.swift; sourceTree = "<group>"; };
		01FDE4901F78066300A7DD78 /* SettingsTableViewController.swift */ = {isa = PBXFileReference; fileEncoding = 4; lastKnownFileType = sourcecode.swift; path = SettingsTableViewController.swift; sourceTree = "<group>"; };
		01FDE49B1F7EFBBC00A7DD78 /* DatePickerViewController.swift */ = {isa = PBXFileReference; fileEncoding = 4; lastKnownFileType = sourcecode.swift; name = DatePickerViewController.swift; path = ../DatePickerViewController.swift; sourceTree = "<group>"; };
/* End PBXFileReference section */

/* Begin PBXFrameworksBuildPhase section */
		019CCD1E1E6DAF64002EF989 /* Frameworks */ = {
			isa = PBXFrameworksBuildPhase;
			buildActionMask = 2147483647;
			files = (
				0133182F1F9BA145002B12EC /* SQLite.framework in Frameworks */,
				0133182E1F9BA141002B12EC /* SQLite.framework in Frameworks */,
			);
			runOnlyForDeploymentPostprocessing = 0;
		};
		019CCD341E6DAF65002EF989 /* Frameworks */ = {
			isa = PBXFrameworksBuildPhase;
			buildActionMask = 2147483647;
			files = (
			);
			runOnlyForDeploymentPostprocessing = 0;
		};
/* End PBXFrameworksBuildPhase section */

/* Begin PBXGroup section */
		013318261F9BA141002B12EC /* Frameworks */ = {
			isa = PBXGroup;
			children = (
			);
			name = Frameworks;
			sourceTree = "<group>";
		};
		019CCD181E6DAF64002EF989 = {
			isa = PBXGroup;
			children = (
				019CCD231E6DAF64002EF989 /* LogAlong */,
				019CCD3A1E6DAF65002EF989 /* LogAlongTests */,
				019CCD221E6DAF64002EF989 /* Products */,
				01D19CCF1F85934F0010CF02 /* SQLite.xcodeproj */,
				013318261F9BA141002B12EC /* Frameworks */,
			);
			sourceTree = "<group>";
		};
		019CCD221E6DAF64002EF989 /* Products */ = {
			isa = PBXGroup;
			children = (
				019CCD211E6DAF64002EF989 /* LogAlong.app */,
				019CCD371E6DAF65002EF989 /* LogAlongTests.xctest */,
			);
			name = Products;
			sourceTree = "<group>";
		};
		019CCD231E6DAF64002EF989 /* LogAlong */ = {
			isa = PBXGroup;
			children = (
				019CCD241E6DAF64002EF989 /* AppDelegate.swift */,
				019CCD2A1E6DAF64002EF989 /* Main.storyboard */,
				01FDE49B1F7EFBBC00A7DD78 /* DatePickerViewController.swift */,
				01FDE4901F78066300A7DD78 /* SettingsTableViewController.swift */,
				01FBE7F91F43A00800A0B514 /* NewAdditionTableViewController.swift */,
				01FBE7F51F439D5A00A0B514 /* CreateAccountViewController.swift */,
				0103EF711F49BF2F0017DD80 /* CreateCategoryViewController.swift */,
				014893D61EEB0332005E3C94 /* MainTabViewController.swift */,
				014893D21EDFA368005E3C94 /* ProtocolViewController.swift */,
				014893CE1EDE6106005E3C94 /* SelectAmountViewController.swift */,
				0128AE4D1EC7BBFE007A999B /* SelectAccountTableViewController.swift */,
				01253CF31F5318BE005B4D8C /* SelectAccountTableViewCell.swift */,
				01253CFD1F538675005B4D8C /* SelectCategoryTableViewCell.swift */,
				0128AE4F1EC7BD8A007A999B /* SelectCategoryTableViewController.swift */,
				0128AE511EC7BD98007A999B /* SelectPayeeTableViewController.swift */,
				0128AE531EC7BDAA007A999B /* SelectTagTableViewController.swift */,
				0128AE491EC482B8007A999B /* CategoriesTableViewController.swift */,
				01DE2C1A1F46764800ED5D9C /* CategoriesTableViewCell.swift */,
				0128AE4B1EC482D6007A999B /* TagsTableViewController.swift */,
				0128AE471EC4829B007A999B /* AccountsTableViewController.swift */,
				01DE2C111F449D8600ED5D9C /* AccountsTableViewCell.swift */,
				01F8A2CE1F6886AA00EABD73 /* Account.swift */,
				010797E51F6778FA00623C04 /* Category.swift */,
				019CCD531E748042002EF989 /* Record.swift */,
				013E34EC1F4366F900EF8972 /* RecordDB.swift */,
				019CCD471E6DC719002EF989 /* MainTableViewController.swift */,
				0128AE451EABD042007A999B /* AddTableViewController.swift */,
				019CCD491E6DC72A002EF989 /* RecordsTableViewController.swift */,
				019CCD4D1E6DC7C5002EF989 /* MainTableViewCell.swift */,
				019CCD4F1E6DC7D0002EF989 /* RecordsTableViewCell.swift */,
				019CCD2D1E6DAF64002EF989 /* Assets.xcassets */,
				019CCD2F1E6DAF64002EF989 /* LaunchScreen.storyboard */,
				019CCD321E6DAF64002EF989 /* Info.plist */,
			);
			path = LogAlong;
			sourceTree = "<group>";
		};
		019CCD3A1E6DAF65002EF989 /* LogAlongTests */ = {
			isa = PBXGroup;
			children = (
				019CCD3B1E6DAF65002EF989 /* LogAlongTests.swift */,
				019CCD3D1E6DAF65002EF989 /* Info.plist */,
			);
			path = LogAlongTests;
			sourceTree = "<group>";
		};
		01D19CD01F85934F0010CF02 /* Products */ = {
			isa = PBXGroup;
			children = (
				01D19CDA1F85934F0010CF02 /* SQLite.framework */,
				01D19CDC1F85934F0010CF02 /* SQLiteTests iOS.xctest */,
				01D19CDE1F85934F0010CF02 /* SQLite.framework */,
				01D19CE01F85934F0010CF02 /* SQLiteTests Mac.xctest */,
				01D19CE21F85934F0010CF02 /* SQLite.framework */,
				01D19CE41F85934F0010CF02 /* SQLiteTests tvOS.xctest */,
				01D19CE61F85934F0010CF02 /* SQLite.framework */,
			);
			name = Products;
			sourceTree = "<group>";
		};
/* End PBXGroup section */

/* Begin PBXNativeTarget section */
		019CCD201E6DAF64002EF989 /* LogAlong */ = {
			isa = PBXNativeTarget;
			buildConfigurationList = 019CCD401E6DAF65002EF989 /* Build configuration list for PBXNativeTarget "LogAlong" */;
			buildPhases = (
				019CCD1D1E6DAF64002EF989 /* Sources */,
				019CCD1E1E6DAF64002EF989 /* Frameworks */,
				019CCD1F1E6DAF64002EF989 /* Resources */,
				01B5EB491EF4AE62001EF3F7 /* Embed App Extensions */,
				013318331F9BA145002B12EC /* Embed Frameworks */,
			);
			buildRules = (
			);
			dependencies = (
				013318321F9BA145002B12EC /* PBXTargetDependency */,
			);
			name = LogAlong;
			productName = LogAlong;
			productReference = 019CCD211E6DAF64002EF989 /* LogAlong.app */;
			productType = "com.apple.product-type.application";
		};
		019CCD361E6DAF65002EF989 /* LogAlongTests */ = {
			isa = PBXNativeTarget;
			buildConfigurationList = 019CCD431E6DAF65002EF989 /* Build configuration list for PBXNativeTarget "LogAlongTests" */;
			buildPhases = (
				019CCD331E6DAF65002EF989 /* Sources */,
				019CCD341E6DAF65002EF989 /* Frameworks */,
				019CCD351E6DAF65002EF989 /* Resources */,
			);
			buildRules = (
			);
			dependencies = (
				019CCD391E6DAF65002EF989 /* PBXTargetDependency */,
			);
			name = LogAlongTests;
			productName = LogAlongTests;
			productReference = 019CCD371E6DAF65002EF989 /* LogAlongTests.xctest */;
			productType = "com.apple.product-type.bundle.unit-test";
		};
/* End PBXNativeTarget section */

/* Begin PBXProject section */
		019CCD191E6DAF64002EF989 /* Project object */ = {
			isa = PBXProject;
			attributes = {
				LastSwiftUpdateCheck = 0820;
				LastUpgradeCheck = 0900;
				ORGANIZATIONNAME = "Frank Gao";
				TargetAttributes = {
					019CCD201E6DAF64002EF989 = {
						CreatedOnToolsVersion = 8.2.1;
						LastSwiftMigration = 0900;
						ProvisioningStyle = Automatic;
					};
					019CCD361E6DAF65002EF989 = {
						CreatedOnToolsVersion = 8.2.1;
						LastSwiftMigration = 0900;
						ProvisioningStyle = Automatic;
						TestTargetID = 019CCD201E6DAF64002EF989;
					};
				};
			};
			buildConfigurationList = 019CCD1C1E6DAF64002EF989 /* Build configuration list for PBXProject "LogAlong" */;
			compatibilityVersion = "Xcode 3.2";
			developmentRegion = English;
			hasScannedForEncodings = 0;
			knownRegions = (
				en,
				Base,
			);
			mainGroup = 019CCD181E6DAF64002EF989;
			productRefGroup = 019CCD221E6DAF64002EF989 /* Products */;
			projectDirPath = "";
			projectReferences = (
				{
					ProductGroup = 01D19CD01F85934F0010CF02 /* Products */;
					ProjectRef = 01D19CCF1F85934F0010CF02 /* SQLite.xcodeproj */;
				},
			);
			projectRoot = "";
			targets = (
				019CCD201E6DAF64002EF989 /* LogAlong */,
				019CCD361E6DAF65002EF989 /* LogAlongTests */,
			);
		};
/* End PBXProject section */

/* Begin PBXReferenceProxy section */
		01D19CDA1F85934F0010CF02 /* SQLite.framework */ = {
			isa = PBXReferenceProxy;
			fileType = wrapper.framework;
			path = SQLite.framework;
			remoteRef = 01D19CD91F85934F0010CF02 /* PBXContainerItemProxy */;
			sourceTree = BUILT_PRODUCTS_DIR;
		};
		01D19CDC1F85934F0010CF02 /* SQLiteTests iOS.xctest */ = {
			isa = PBXReferenceProxy;
			fileType = wrapper.cfbundle;
			path = "SQLiteTests iOS.xctest";
			remoteRef = 01D19CDB1F85934F0010CF02 /* PBXContainerItemProxy */;
			sourceTree = BUILT_PRODUCTS_DIR;
		};
		01D19CDE1F85934F0010CF02 /* SQLite.framework */ = {
			isa = PBXReferenceProxy;
			fileType = wrapper.framework;
			path = SQLite.framework;
			remoteRef = 01D19CDD1F85934F0010CF02 /* PBXContainerItemProxy */;
			sourceTree = BUILT_PRODUCTS_DIR;
		};
		01D19CE01F85934F0010CF02 /* SQLiteTests Mac.xctest */ = {
			isa = PBXReferenceProxy;
			fileType = wrapper.cfbundle;
			path = "SQLiteTests Mac.xctest";
			remoteRef = 01D19CDF1F85934F0010CF02 /* PBXContainerItemProxy */;
			sourceTree = BUILT_PRODUCTS_DIR;
		};
		01D19CE21F85934F0010CF02 /* SQLite.framework */ = {
			isa = PBXReferenceProxy;
			fileType = wrapper.framework;
			path = SQLite.framework;
			remoteRef = 01D19CE11F85934F0010CF02 /* PBXContainerItemProxy */;
			sourceTree = BUILT_PRODUCTS_DIR;
		};
		01D19CE41F85934F0010CF02 /* SQLiteTests tvOS.xctest */ = {
			isa = PBXReferenceProxy;
			fileType = wrapper.cfbundle;
			path = "SQLiteTests tvOS.xctest";
			remoteRef = 01D19CE31F85934F0010CF02 /* PBXContainerItemProxy */;
			sourceTree = BUILT_PRODUCTS_DIR;
		};
		01D19CE61F85934F0010CF02 /* SQLite.framework */ = {
			isa = PBXReferenceProxy;
			fileType = wrapper.framework;
			path = SQLite.framework;
			remoteRef = 01D19CE51F85934F0010CF02 /* PBXContainerItemProxy */;
			sourceTree = BUILT_PRODUCTS_DIR;
		};
/* End PBXReferenceProxy section */

/* Begin PBXResourcesBuildPhase section */
		019CCD1F1E6DAF64002EF989 /* Resources */ = {
			isa = PBXResourcesBuildPhase;
			buildActionMask = 2147483647;
			files = (
				019CCD311E6DAF64002EF989 /* LaunchScreen.storyboard in Resources */,
				019CCD2E1E6DAF64002EF989 /* Assets.xcassets in Resources */,
				019CCD2C1E6DAF64002EF989 /* Main.storyboard in Resources */,
			);
			runOnlyForDeploymentPostprocessing = 0;
		};
		019CCD351E6DAF65002EF989 /* Resources */ = {
			isa = PBXResourcesBuildPhase;
			buildActionMask = 2147483647;
			files = (
			);
			runOnlyForDeploymentPostprocessing = 0;
		};
/* End PBXResourcesBuildPhase section */

/* Begin PBXSourcesBuildPhase section */
		019CCD1D1E6DAF64002EF989 /* Sources */ = {
			isa = PBXSourcesBuildPhase;
			buildActionMask = 2147483647;
			files = (
				01FBE7F61F439D5A00A0B514 /* CreateAccountViewController.swift in Sources */,
				014893D71EEB0332005E3C94 /* MainTabViewController.swift in Sources */,
				014893D31EDFA368005E3C94 /* ProtocolViewController.swift in Sources */,
				0103EF721F49BF2F0017DD80 /* CreateCategoryViewController.swift in Sources */,
				0128AE541EC7BDAA007A999B /* SelectTagTableViewController.swift in Sources */,
				019CCD501E6DC7D0002EF989 /* RecordsTableViewCell.swift in Sources */,
				01253CFE1F538675005B4D8C /* SelectCategoryTableViewCell.swift in Sources */,
				01FDE49C1F7EFBBC00A7DD78 /* DatePickerViewController.swift in Sources */,
				01253CF41F5318BE005B4D8C /* SelectAccountTableViewCell.swift in Sources */,
				013E34ED1F4366F900EF8972 /* RecordDB.swift in Sources */,
				010797E61F6778FA00623C04 /* Category.swift in Sources */,
				019CCD4A1E6DC72A002EF989 /* RecordsTableViewController.swift in Sources */,
				0128AE521EC7BD98007A999B /* SelectPayeeTableViewController.swift in Sources */,
				01DE2C121F449D8600ED5D9C /* AccountsTableViewCell.swift in Sources */,
				019CCD481E6DC719002EF989 /* MainTableViewController.swift in Sources */,
				0128AE4A1EC482B8007A999B /* CategoriesTableViewController.swift in Sources */,
				0128AE461EABD042007A999B /* AddTableViewController.swift in Sources */,
				0128AE501EC7BD8A007A999B /* SelectCategoryTableViewController.swift in Sources */,
				01DE2C1B1F46764800ED5D9C /* CategoriesTableViewCell.swift in Sources */,
				01FBE7FA1F43A00800A0B514 /* NewAdditionTableViewController.swift in Sources */,
				019CCD251E6DAF64002EF989 /* AppDelegate.swift in Sources */,
				01FDE4911F78066300A7DD78 /* SettingsTableViewController.swift in Sources */,
				0128AE481EC4829B007A999B /* AccountsTableViewController.swift in Sources */,
				014893CF1EDE6106005E3C94 /* SelectAmountViewController.swift in Sources */,
				019CCD541E748042002EF989 /* Record.swift in Sources */,
				01F8A2CF1F6886AA00EABD73 /* Account.swift in Sources */,
				0128AE4C1EC482D6007A999B /* TagsTableViewController.swift in Sources */,
				019CCD4E1E6DC7C5002EF989 /* MainTableViewCell.swift in Sources */,
				0128AE4E1EC7BBFE007A999B /* SelectAccountTableViewController.swift in Sources */,
			);
			runOnlyForDeploymentPostprocessing = 0;
		};
		019CCD331E6DAF65002EF989 /* Sources */ = {
			isa = PBXSourcesBuildPhase;
			buildActionMask = 2147483647;
			files = (
				019CCD3C1E6DAF65002EF989 /* LogAlongTests.swift in Sources */,
			);
			runOnlyForDeploymentPostprocessing = 0;
		};
/* End PBXSourcesBuildPhase section */

/* Begin PBXTargetDependency section */
		013318321F9BA145002B12EC /* PBXTargetDependency */ = {
			isa = PBXTargetDependency;
			name = "SQLite iOS";
			targetProxy = 013318311F9BA145002B12EC /* PBXContainerItemProxy */;
		};
		019CCD391E6DAF65002EF989 /* PBXTargetDependency */ = {
			isa = PBXTargetDependency;
			target = 019CCD201E6DAF64002EF989 /* LogAlong */;
			targetProxy = 019CCD381E6DAF65002EF989 /* PBXContainerItemProxy */;
		};
/* End PBXTargetDependency section */

/* Begin PBXVariantGroup section */
		019CCD2A1E6DAF64002EF989 /* Main.storyboard */ = {
			isa = PBXVariantGroup;
			children = (
				019CCD2B1E6DAF64002EF989 /* Base */,
			);
			name = Main.storyboard;
			sourceTree = "<group>";
		};
		019CCD2F1E6DAF64002EF989 /* LaunchScreen.storyboard */ = {
			isa = PBXVariantGroup;
			children = (
				019CCD301E6DAF64002EF989 /* Base */,
			);
			name = LaunchScreen.storyboard;
			sourceTree = "<group>";
		};
/* End PBXVariantGroup section */

/* Begin XCBuildConfiguration section */
		019CCD3E1E6DAF65002EF989 /* Debug */ = {
			isa = XCBuildConfiguration;
			buildSettings = {
				ALWAYS_SEARCH_USER_PATHS = NO;
				CLANG_ANALYZER_NONNULL = YES;
				CLANG_CXX_LANGUAGE_STANDARD = "gnu++0x";
				CLANG_CXX_LIBRARY = "libc++";
				CLANG_ENABLE_MODULES = YES;
				CLANG_ENABLE_OBJC_ARC = YES;
				CLANG_WARN_BLOCK_CAPTURE_AUTORELEASING = YES;
				CLANG_WARN_BOOL_CONVERSION = YES;
				CLANG_WARN_COMMA = YES;
				CLANG_WARN_CONSTANT_CONVERSION = YES;
				CLANG_WARN_DIRECT_OBJC_ISA_USAGE = YES_ERROR;
				CLANG_WARN_DOCUMENTATION_COMMENTS = YES;
				CLANG_WARN_EMPTY_BODY = YES;
				CLANG_WARN_ENUM_CONVERSION = YES;
				CLANG_WARN_INFINITE_RECURSION = YES;
				CLANG_WARN_INT_CONVERSION = YES;
				CLANG_WARN_NON_LITERAL_NULL_CONVERSION = YES;
				CLANG_WARN_OBJC_LITERAL_CONVERSION = YES;
				CLANG_WARN_OBJC_ROOT_CLASS = YES_ERROR;
				CLANG_WARN_RANGE_LOOP_ANALYSIS = YES;
				CLANG_WARN_STRICT_PROTOTYPES = YES;
				CLANG_WARN_SUSPICIOUS_MOVE = YES;
				CLANG_WARN_UNREACHABLE_CODE = YES;
				CLANG_WARN__DUPLICATE_METHOD_MATCH = YES;
				"CODE_SIGN_IDENTITY[sdk=iphoneos*]" = "iPhone Developer";
				COPY_PHASE_STRIP = NO;
				DEBUG_INFORMATION_FORMAT = dwarf;
				ENABLE_STRICT_OBJC_MSGSEND = YES;
				ENABLE_TESTABILITY = YES;
				GCC_C_LANGUAGE_STANDARD = gnu99;
				GCC_DYNAMIC_NO_PIC = NO;
				GCC_NO_COMMON_BLOCKS = YES;
				GCC_OPTIMIZATION_LEVEL = 0;
				GCC_PREPROCESSOR_DEFINITIONS = (
					"DEBUG=1",
					"$(inherited)",
				);
				GCC_WARN_64_TO_32_BIT_CONVERSION = YES;
				GCC_WARN_ABOUT_RETURN_TYPE = YES_ERROR;
				GCC_WARN_UNDECLARED_SELECTOR = YES;
				GCC_WARN_UNINITIALIZED_AUTOS = YES_AGGRESSIVE;
				GCC_WARN_UNUSED_FUNCTION = YES;
				GCC_WARN_UNUSED_VARIABLE = YES;
				IPHONEOS_DEPLOYMENT_TARGET = 10.2;
				MTL_ENABLE_DEBUG_INFO = YES;
				ONLY_ACTIVE_ARCH = YES;
				SDKROOT = iphoneos;
				SWIFT_ACTIVE_COMPILATION_CONDITIONS = DEBUG;
				SWIFT_OPTIMIZATION_LEVEL = "-Onone";
				TARGETED_DEVICE_FAMILY = "1,2";
			};
			name = Debug;
		};
		019CCD3F1E6DAF65002EF989 /* Release */ = {
			isa = XCBuildConfiguration;
			buildSettings = {
				ALWAYS_SEARCH_USER_PATHS = NO;
				CLANG_ANALYZER_NONNULL = YES;
				CLANG_CXX_LANGUAGE_STANDARD = "gnu++0x";
				CLANG_CXX_LIBRARY = "libc++";
				CLANG_ENABLE_MODULES = YES;
				CLANG_ENABLE_OBJC_ARC = YES;
				CLANG_WARN_BLOCK_CAPTURE_AUTORELEASING = YES;
				CLANG_WARN_BOOL_CONVERSION = YES;
				CLANG_WARN_COMMA = YES;
				CLANG_WARN_CONSTANT_CONVERSION = YES;
				CLANG_WARN_DIRECT_OBJC_ISA_USAGE = YES_ERROR;
				CLANG_WARN_DOCUMENTATION_COMMENTS = YES;
				CLANG_WARN_EMPTY_BODY = YES;
				CLANG_WARN_ENUM_CONVERSION = YES;
				CLANG_WARN_INFINITE_RECURSION = YES;
				CLANG_WARN_INT_CONVERSION = YES;
				CLANG_WARN_NON_LITERAL_NULL_CONVERSION = YES;
				CLANG_WARN_OBJC_LITERAL_CONVERSION = YES;
				CLANG_WARN_OBJC_ROOT_CLASS = YES_ERROR;
				CLANG_WARN_RANGE_LOOP_ANALYSIS = YES;
				CLANG_WARN_STRICT_PROTOTYPES = YES;
				CLANG_WARN_SUSPICIOUS_MOVE = YES;
				CLANG_WARN_UNREACHABLE_CODE = YES;
				CLANG_WARN__DUPLICATE_METHOD_MATCH = YES;
				"CODE_SIGN_IDENTITY[sdk=iphoneos*]" = "iPhone Developer";
				COPY_PHASE_STRIP = NO;
				DEBUG_INFORMATION_FORMAT = "dwarf-with-dsym";
				ENABLE_NS_ASSERTIONS = NO;
				ENABLE_STRICT_OBJC_MSGSEND = YES;
				GCC_C_LANGUAGE_STANDARD = gnu99;
				GCC_NO_COMMON_BLOCKS = YES;
				GCC_WARN_64_TO_32_BIT_CONVERSION = YES;
				GCC_WARN_ABOUT_RETURN_TYPE = YES_ERROR;
				GCC_WARN_UNDECLARED_SELECTOR = YES;
				GCC_WARN_UNINITIALIZED_AUTOS = YES_AGGRESSIVE;
				GCC_WARN_UNUSED_FUNCTION = YES;
				GCC_WARN_UNUSED_VARIABLE = YES;
				IPHONEOS_DEPLOYMENT_TARGET = 10.2;
				MTL_ENABLE_DEBUG_INFO = NO;
				SDKROOT = iphoneos;
				SWIFT_OPTIMIZATION_LEVEL = "-Owholemodule";
				TARGETED_DEVICE_FAMILY = "1,2";
				VALIDATE_PRODUCT = YES;
			};
			name = Release;
		};
		019CCD411E6DAF65002EF989 /* Debug */ = {
			isa = XCBuildConfiguration;
			buildSettings = {
				ALWAYS_EMBED_SWIFT_STANDARD_LIBRARIES = YES;
				ASSETCATALOG_COMPILER_APPICON_NAME = AppIcon;
				CLANG_ENABLE_MODULES = YES;
				INFOPLIST_FILE = LogAlong/Info.plist;
				LD_RUNPATH_SEARCH_PATHS = "$(inherited) @executable_path/Frameworks";
				PRODUCT_BUNDLE_IDENTIFIER = com.example.LogAlong;
				PRODUCT_NAME = "$(TARGET_NAME)";
				SWIFT_OBJC_BRIDGING_HEADER = "LogAlong-Bridging-Header.h";
				SWIFT_OPTIMIZATION_LEVEL = "-Onone";
				SWIFT_SWIFT3_OBJC_INFERENCE = Default;
				SWIFT_VERSION = 4.0;
			};
			name = Debug;
		};
		019CCD421E6DAF65002EF989 /* Release */ = {
			isa = XCBuildConfiguration;
			buildSettings = {
				ALWAYS_EMBED_SWIFT_STANDARD_LIBRARIES = YES;
				ASSETCATALOG_COMPILER_APPICON_NAME = AppIcon;
				CLANG_ENABLE_MODULES = YES;
				INFOPLIST_FILE = LogAlong/Info.plist;
				LD_RUNPATH_SEARCH_PATHS = "$(inherited) @executable_path/Frameworks";
				PRODUCT_BUNDLE_IDENTIFIER = com.example.LogAlong;
				PRODUCT_NAME = "$(TARGET_NAME)";
				SWIFT_OBJC_BRIDGING_HEADER = "LogAlong-Bridging-Header.h";
				SWIFT_SWIFT3_OBJC_INFERENCE = Default;
				SWIFT_VERSION = 4.0;
			};
			name = Release;
		};
		019CCD441E6DAF65002EF989 /* Debug */ = {
			isa = XCBuildConfiguration;
			buildSettings = {
				ALWAYS_EMBED_SWIFT_STANDARD_LIBRARIES = YES;
				BUNDLE_LOADER = "$(TEST_HOST)";
				INFOPLIST_FILE = LogAlongTests/Info.plist;
				LD_RUNPATH_SEARCH_PATHS = "$(inherited) @executable_path/Frameworks @loader_path/Frameworks";
				PRODUCT_BUNDLE_IDENTIFIER = com.example.LogAlongTests;
				PRODUCT_NAME = "$(TARGET_NAME)";
				SWIFT_SWIFT3_OBJC_INFERENCE = On;
				SWIFT_VERSION = 4.0;
				TEST_HOST = "$(BUILT_PRODUCTS_DIR)/LogAlong.app/LogAlong";
			};
			name = Debug;
		};
		019CCD451E6DAF65002EF989 /* Release */ = {
			isa = XCBuildConfiguration;
			buildSettings = {
				ALWAYS_EMBED_SWIFT_STANDARD_LIBRARIES = YES;
				BUNDLE_LOADER = "$(TEST_HOST)";
				INFOPLIST_FILE = LogAlongTests/Info.plist;
				LD_RUNPATH_SEARCH_PATHS = "$(inherited) @executable_path/Frameworks @loader_path/Frameworks";
				PRODUCT_BUNDLE_IDENTIFIER = com.example.LogAlongTests;
				PRODUCT_NAME = "$(TARGET_NAME)";
				SWIFT_SWIFT3_OBJC_INFERENCE = On;
				SWIFT_VERSION = 4.0;
				TEST_HOST = "$(BUILT_PRODUCTS_DIR)/LogAlong.app/LogAlong";
			};
			name = Release;
		};
/* End XCBuildConfiguration section */

/* Begin XCConfigurationList section */
		019CCD1C1E6DAF64002EF989 /* Build configuration list for PBXProject "LogAlong" */ = {
			isa = XCConfigurationList;
			buildConfigurations = (
				019CCD3E1E6DAF65002EF989 /* Debug */,
				019CCD3F1E6DAF65002EF989 /* Release */,
			);
			defaultConfigurationIsVisible = 0;
			defaultConfigurationName = Release;
		};
		019CCD401E6DAF65002EF989 /* Build configuration list for PBXNativeTarget "LogAlong" */ = {
			isa = XCConfigurationList;
			buildConfigurations = (
				019CCD411E6DAF65002EF989 /* Debug */,
				019CCD421E6DAF65002EF989 /* Release */,
			);
			defaultConfigurationIsVisible = 0;
			defaultConfigurationName = Release;
		};
		019CCD431E6DAF65002EF989 /* Build configuration list for PBXNativeTarget "LogAlongTests" */ = {
			isa = XCConfigurationList;
			buildConfigurations = (
				019CCD441E6DAF65002EF989 /* Debug */,
				019CCD451E6DAF65002EF989 /* Release */,
			);
			defaultConfigurationIsVisible = 0;
			defaultConfigurationName = Release;
		};
/* End XCConfigurationList section */
	};
	rootObject = 019CCD191E6DAF64002EF989 /* Project object */;
}
